
Microsoft Visual Studio Solution File, Format Version 12.00
# Visual Studio 14
VisualStudioVersion = 14.0.24720.0
MinimumVisualStudioVersion = 10.0.40219.1
Project("{2150E333-8FDC-42A3-9474-1A3956D46DE8}") = "Core", "Core", "{537A4F6D-3D81-4F84-83EF-8836FD80284E}"
EndProject
Project("{2150E333-8FDC-42A3-9474-1A3956D46DE8}") = "Client", "Client", "{893E82F4-2101-4238-A29A-16D8E08FA2FA}"
EndProject
Project("{2150E333-8FDC-42A3-9474-1A3956D46DE8}") = "Infrastructure", "Infrastructure", "{B084B1A7-B695-46B2-8890-8D3315F53EC0}"
EndProject
Project("{2150E333-8FDC-42A3-9474-1A3956D46DE8}") = "Tests", "Tests", "{585A4084-0A05-447C-A75F-DE1EC19F3E97}"
EndProject
Project("{2150E333-8FDC-42A3-9474-1A3956D46DE8}") = "Server", "Server", "{DA1AF840-034F-47A2-B50E-53F12942A0A7}"
EndProject
Project("{FAE04EC0-301F-11D3-BF4B-00C04F79EFBC}") = "BoardGame.Tests", "tests\BoardGame.Tests\BoardGame.Tests.csproj", "{7E6FFEA4-4B0B-4D8A-A5D3-F9B3754176CE}"
EndProject
Project("{FAE04EC0-301F-11D3-BF4B-00C04F79EFBC}") = "BoardGame.Server.Business", "src\Server\BoardGame.Server.Business\BoardGame.Server.Business.csproj", "{D89450AE-4420-4747-BCA0-E6C2C419C215}"
EndProject
Project("{FAE04EC0-301F-11D3-BF4B-00C04F79EFBC}") = "BoardGame.Server.Host.ConsoleApplication", "src\Server\BoardGame.Server.Host.ConsoleApplication\BoardGame.Server.Host.ConsoleApplication.csproj", "{A7DAA50A-8F73-4CB7-80DC-DEA68C0E2730}"
EndProject
Project("{FAE04EC0-301F-11D3-BF4B-00C04F79EFBC}") = "BoardGame.Server.Services", "src\Server\BoardGame.Server.Services\BoardGame.Server.Services.csproj", "{2655A00A-AB71-4EC5-BBA8-B1EFEBB2863B}"
EndProject
Project("{FAE04EC0-301F-11D3-BF4B-00C04F79EFBC}") = "BoardGame.Infrastructure.Data", "src\Infrastructure\BoardGame.Infrastructure.Data\BoardGame.Infrastructure.Data.csproj", "{48BF557D-0160-433E-B049-8BA752E2451F}"
EndProject
Project("{FAE04EC0-301F-11D3-BF4B-00C04F79EFBC}") = "BoardGame.Infrastructure.Data.EF", "src\Infrastructure\BoardGame.Infrastructure.Data.EF\BoardGame.Infrastructure.Data.EF.csproj", "{3DD80431-E862-4EAD-864B-8C468CB07D88}"
EndProject
Project("{FAE04EC0-301F-11D3-BF4B-00C04F79EFBC}") = "BoardGame.API", "src\Core\BoardGame.API\BoardGame.API.csproj", "{8869155F-BCF6-460C-8E05-67F77B2778EE}"
EndProject
Project("{FAE04EC0-301F-11D3-BF4B-00C04F79EFBC}") = "BoardGame.Domain", "src\Core\BoardGame.Domain\BoardGame.Domain.csproj", "{A1D7547A-11C9-45A9-8379-378F646EA309}"
EndProject
Project("{FAE04EC0-301F-11D3-BF4B-00C04F79EFBC}") = "BoardGame.Contracts", "src\Core\BoardGame.Contracts\BoardGame.Contracts.csproj", "{E02D7577-AD7B-42DF-B38B-96D41919260D}"
EndProject
Project("{FAE04EC0-301F-11D3-BF4B-00C04F79EFBC}") = "BoardGame.Client.Connect4.WinForms", "src\Client\BoardGame.Client.Connect4.WinForms\BoardGame.Client.Connect4.WinForms.csproj", "{F5411A3D-8121-4CD0-A1FF-D6548735291E}"
EndProject
Project("{FAE04EC0-301F-11D3-BF4B-00C04F79EFBC}") = "BoardGame.Client.Proxies", "src\Client\BoardGame.Client.Proxies\BoardGame.Client.Proxies.csproj", "{666CC2B7-1DDC-45A6-8FF2-EC3BACD62CCB}"
EndProject
Project("{FAE04EC0-301F-11D3-BF4B-00C04F79EFBC}") = "BoardGame.Client.Connect4.ViewModels", "src\Client\BoardGame.Client.Connect4.ViewModels\BoardGame.Client.Connect4.ViewModels.csproj", "{492BDAA1-A4D8-4879-BC81-70D2BF936683}"
EndProject
Project("{FAE04EC0-301F-11D3-BF4B-00C04F79EFBC}") = "BoardGame.Client.Connect4.WPF", "src\Client\BoardGame.Client.Connect4.WPF\BoardGame.Client.Connect4.WPF.csproj", "{C4F1E1BA-B5A0-41DE-AA5A-8F61DBCA568F}"
EndProject
Project("{FAE04EC0-301F-11D3-BF4B-00C04F79EFBC}") = "BoardGame.Tests.Navigation", "tests\BoardGame.Tests.Navigation\BoardGame.Tests.Navigation.csproj", "{C2813979-D19A-4499-8484-068E8D6C51D3}"
EndProject
Project("{2150E333-8FDC-42A3-9474-1A3956D46DE8}") = "Mobile", "Mobile", "{8B8C5465-574F-457F-85EB-DFDB210E1F67}"
EndProject
Project("{FAE04EC0-301F-11D3-BF4B-00C04F79EFBC}") = "BoardGame.Client.Connect4.Mobile", "src\Client\BoardGame.Client.Connect4.Mobile\BoardGame.Client.Connect4.Mobile\BoardGame.Client.Connect4.Mobile.csproj", "{614D3CB9-3B04-4B55-9C42-AC19BC541D05}"
EndProject
Project("{FAE04EC0-301F-11D3-BF4B-00C04F79EFBC}") = "BoardGame.Client.Connect4.Mobile.Droid", "src\Client\BoardGame.Client.Connect4.Mobile\BoardGame.Client.Connect4.Mobile.Droid\BoardGame.Client.Connect4.Mobile.Droid.csproj", "{F7276D51-4940-4AEE-9E97-FCFB148D4860}"
EndProject
Project("{FAE04EC0-301F-11D3-BF4B-00C04F79EFBC}") = "BoardGame.Client.Connect4.Mobile.iOS", "src\Client\BoardGame.Client.Connect4.Mobile\BoardGame.Client.Connect4.Mobile.iOS\BoardGame.Client.Connect4.Mobile.iOS.csproj", "{40429830-290B-42A8-A1DA-CE33A16875D9}"
EndProject
Project("{FAE04EC0-301F-11D3-BF4B-00C04F79EFBC}") = "BoardGame.Client.Connect4.Mobile.WinPhone", "src\Client\BoardGame.Client.Connect4.Mobile\BoardGame.Client.Connect4.Mobile.WinPhone\BoardGame.Client.Connect4.Mobile.WinPhone.csproj", "{C0379C36-5831-44F9-918E-81D749139CAF}"
EndProject
Global
	GlobalSection(SolutionConfigurationPlatforms) = preSolution
		Ad-Hoc|Any CPU = Ad-Hoc|Any CPU
		Ad-Hoc|ARM = Ad-Hoc|ARM
		Ad-Hoc|iPhone = Ad-Hoc|iPhone
		Ad-Hoc|iPhoneSimulator = Ad-Hoc|iPhoneSimulator
		Ad-Hoc|x86 = Ad-Hoc|x86
		AppStore|Any CPU = AppStore|Any CPU
		AppStore|ARM = AppStore|ARM
		AppStore|iPhone = AppStore|iPhone
		AppStore|iPhoneSimulator = AppStore|iPhoneSimulator
		AppStore|x86 = AppStore|x86
		Debug|Any CPU = Debug|Any CPU
		Debug|ARM = Debug|ARM
		Debug|iPhone = Debug|iPhone
		Debug|iPhoneSimulator = Debug|iPhoneSimulator
		Debug|x86 = Debug|x86
		Release|Any CPU = Release|Any CPU
		Release|ARM = Release|ARM
		Release|iPhone = Release|iPhone
		Release|iPhoneSimulator = Release|iPhoneSimulator
		Release|x86 = Release|x86
	EndGlobalSection
	GlobalSection(ProjectConfigurationPlatforms) = postSolution
		{7E6FFEA4-4B0B-4D8A-A5D3-F9B3754176CE}.Ad-Hoc|Any CPU.ActiveCfg = Release|Any CPU
		{7E6FFEA4-4B0B-4D8A-A5D3-F9B3754176CE}.Ad-Hoc|Any CPU.Build.0 = Release|Any CPU
		{7E6FFEA4-4B0B-4D8A-A5D3-F9B3754176CE}.Ad-Hoc|ARM.ActiveCfg = Release|Any CPU
		{7E6FFEA4-4B0B-4D8A-A5D3-F9B3754176CE}.Ad-Hoc|ARM.Build.0 = Release|Any CPU
		{7E6FFEA4-4B0B-4D8A-A5D3-F9B3754176CE}.Ad-Hoc|iPhone.ActiveCfg = Release|Any CPU
		{7E6FFEA4-4B0B-4D8A-A5D3-F9B3754176CE}.Ad-Hoc|iPhone.Build.0 = Release|Any CPU
		{7E6FFEA4-4B0B-4D8A-A5D3-F9B3754176CE}.Ad-Hoc|iPhoneSimulator.ActiveCfg = Release|Any CPU
		{7E6FFEA4-4B0B-4D8A-A5D3-F9B3754176CE}.Ad-Hoc|iPhoneSimulator.Build.0 = Release|Any CPU
		{7E6FFEA4-4B0B-4D8A-A5D3-F9B3754176CE}.Ad-Hoc|x86.ActiveCfg = Release|Any CPU
		{7E6FFEA4-4B0B-4D8A-A5D3-F9B3754176CE}.Ad-Hoc|x86.Build.0 = Release|Any CPU
		{7E6FFEA4-4B0B-4D8A-A5D3-F9B3754176CE}.AppStore|Any CPU.ActiveCfg = Release|Any CPU
		{7E6FFEA4-4B0B-4D8A-A5D3-F9B3754176CE}.AppStore|Any CPU.Build.0 = Release|Any CPU
		{7E6FFEA4-4B0B-4D8A-A5D3-F9B3754176CE}.AppStore|ARM.ActiveCfg = Release|Any CPU
		{7E6FFEA4-4B0B-4D8A-A5D3-F9B3754176CE}.AppStore|ARM.Build.0 = Release|Any CPU
		{7E6FFEA4-4B0B-4D8A-A5D3-F9B3754176CE}.AppStore|iPhone.ActiveCfg = Release|Any CPU
		{7E6FFEA4-4B0B-4D8A-A5D3-F9B3754176CE}.AppStore|iPhone.Build.0 = Release|Any CPU
		{7E6FFEA4-4B0B-4D8A-A5D3-F9B3754176CE}.AppStore|iPhoneSimulator.ActiveCfg = Release|Any CPU
		{7E6FFEA4-4B0B-4D8A-A5D3-F9B3754176CE}.AppStore|iPhoneSimulator.Build.0 = Release|Any CPU
		{7E6FFEA4-4B0B-4D8A-A5D3-F9B3754176CE}.AppStore|x86.ActiveCfg = Release|Any CPU
		{7E6FFEA4-4B0B-4D8A-A5D3-F9B3754176CE}.AppStore|x86.Build.0 = Release|Any CPU
		{7E6FFEA4-4B0B-4D8A-A5D3-F9B3754176CE}.Debug|Any CPU.ActiveCfg = Debug|Any CPU
		{7E6FFEA4-4B0B-4D8A-A5D3-F9B3754176CE}.Debug|Any CPU.Build.0 = Debug|Any CPU
		{7E6FFEA4-4B0B-4D8A-A5D3-F9B3754176CE}.Debug|ARM.ActiveCfg = Debug|Any CPU
		{7E6FFEA4-4B0B-4D8A-A5D3-F9B3754176CE}.Debug|ARM.Build.0 = Debug|Any CPU
		{7E6FFEA4-4B0B-4D8A-A5D3-F9B3754176CE}.Debug|iPhone.ActiveCfg = Debug|Any CPU
		{7E6FFEA4-4B0B-4D8A-A5D3-F9B3754176CE}.Debug|iPhone.Build.0 = Debug|Any CPU
		{7E6FFEA4-4B0B-4D8A-A5D3-F9B3754176CE}.Debug|iPhoneSimulator.ActiveCfg = Debug|Any CPU
		{7E6FFEA4-4B0B-4D8A-A5D3-F9B3754176CE}.Debug|iPhoneSimulator.Build.0 = Debug|Any CPU
		{7E6FFEA4-4B0B-4D8A-A5D3-F9B3754176CE}.Debug|x86.ActiveCfg = Debug|Any CPU
		{7E6FFEA4-4B0B-4D8A-A5D3-F9B3754176CE}.Debug|x86.Build.0 = Debug|Any CPU
		{7E6FFEA4-4B0B-4D8A-A5D3-F9B3754176CE}.Release|Any CPU.ActiveCfg = Release|Any CPU
		{7E6FFEA4-4B0B-4D8A-A5D3-F9B3754176CE}.Release|Any CPU.Build.0 = Release|Any CPU
		{7E6FFEA4-4B0B-4D8A-A5D3-F9B3754176CE}.Release|ARM.ActiveCfg = Release|Any CPU
		{7E6FFEA4-4B0B-4D8A-A5D3-F9B3754176CE}.Release|ARM.Build.0 = Release|Any CPU
		{7E6FFEA4-4B0B-4D8A-A5D3-F9B3754176CE}.Release|iPhone.ActiveCfg = Release|Any CPU
		{7E6FFEA4-4B0B-4D8A-A5D3-F9B3754176CE}.Release|iPhone.Build.0 = Release|Any CPU
		{7E6FFEA4-4B0B-4D8A-A5D3-F9B3754176CE}.Release|iPhoneSimulator.ActiveCfg = Release|Any CPU
		{7E6FFEA4-4B0B-4D8A-A5D3-F9B3754176CE}.Release|iPhoneSimulator.Build.0 = Release|Any CPU
		{7E6FFEA4-4B0B-4D8A-A5D3-F9B3754176CE}.Release|x86.ActiveCfg = Release|Any CPU
		{7E6FFEA4-4B0B-4D8A-A5D3-F9B3754176CE}.Release|x86.Build.0 = Release|Any CPU
		{D89450AE-4420-4747-BCA0-E6C2C419C215}.Ad-Hoc|Any CPU.ActiveCfg = Release|Any CPU
		{D89450AE-4420-4747-BCA0-E6C2C419C215}.Ad-Hoc|Any CPU.Build.0 = Release|Any CPU
		{D89450AE-4420-4747-BCA0-E6C2C419C215}.Ad-Hoc|ARM.ActiveCfg = Release|Any CPU
		{D89450AE-4420-4747-BCA0-E6C2C419C215}.Ad-Hoc|ARM.Build.0 = Release|Any CPU
		{D89450AE-4420-4747-BCA0-E6C2C419C215}.Ad-Hoc|iPhone.ActiveCfg = Release|Any CPU
		{D89450AE-4420-4747-BCA0-E6C2C419C215}.Ad-Hoc|iPhone.Build.0 = Release|Any CPU
		{D89450AE-4420-4747-BCA0-E6C2C419C215}.Ad-Hoc|iPhoneSimulator.ActiveCfg = Release|Any CPU
		{D89450AE-4420-4747-BCA0-E6C2C419C215}.Ad-Hoc|iPhoneSimulator.Build.0 = Release|Any CPU
		{D89450AE-4420-4747-BCA0-E6C2C419C215}.Ad-Hoc|x86.ActiveCfg = Release|Any CPU
		{D89450AE-4420-4747-BCA0-E6C2C419C215}.Ad-Hoc|x86.Build.0 = Release|Any CPU
		{D89450AE-4420-4747-BCA0-E6C2C419C215}.AppStore|Any CPU.ActiveCfg = Release|Any CPU
		{D89450AE-4420-4747-BCA0-E6C2C419C215}.AppStore|Any CPU.Build.0 = Release|Any CPU
		{D89450AE-4420-4747-BCA0-E6C2C419C215}.AppStore|ARM.ActiveCfg = Release|Any CPU
		{D89450AE-4420-4747-BCA0-E6C2C419C215}.AppStore|ARM.Build.0 = Release|Any CPU
		{D89450AE-4420-4747-BCA0-E6C2C419C215}.AppStore|iPhone.ActiveCfg = Release|Any CPU
		{D89450AE-4420-4747-BCA0-E6C2C419C215}.AppStore|iPhone.Build.0 = Release|Any CPU
		{D89450AE-4420-4747-BCA0-E6C2C419C215}.AppStore|iPhoneSimulator.ActiveCfg = Release|Any CPU
		{D89450AE-4420-4747-BCA0-E6C2C419C215}.AppStore|iPhoneSimulator.Build.0 = Release|Any CPU
		{D89450AE-4420-4747-BCA0-E6C2C419C215}.AppStore|x86.ActiveCfg = Release|Any CPU
		{D89450AE-4420-4747-BCA0-E6C2C419C215}.AppStore|x86.Build.0 = Release|Any CPU
		{D89450AE-4420-4747-BCA0-E6C2C419C215}.Debug|Any CPU.ActiveCfg = Debug|Any CPU
		{D89450AE-4420-4747-BCA0-E6C2C419C215}.Debug|Any CPU.Build.0 = Debug|Any CPU
		{D89450AE-4420-4747-BCA0-E6C2C419C215}.Debug|ARM.ActiveCfg = Debug|Any CPU
		{D89450AE-4420-4747-BCA0-E6C2C419C215}.Debug|ARM.Build.0 = Debug|Any CPU
		{D89450AE-4420-4747-BCA0-E6C2C419C215}.Debug|iPhone.ActiveCfg = Debug|Any CPU
		{D89450AE-4420-4747-BCA0-E6C2C419C215}.Debug|iPhone.Build.0 = Debug|Any CPU
		{D89450AE-4420-4747-BCA0-E6C2C419C215}.Debug|iPhoneSimulator.ActiveCfg = Debug|Any CPU
		{D89450AE-4420-4747-BCA0-E6C2C419C215}.Debug|iPhoneSimulator.Build.0 = Debug|Any CPU
		{D89450AE-4420-4747-BCA0-E6C2C419C215}.Debug|x86.ActiveCfg = Debug|Any CPU
		{D89450AE-4420-4747-BCA0-E6C2C419C215}.Debug|x86.Build.0 = Debug|Any CPU
		{D89450AE-4420-4747-BCA0-E6C2C419C215}.Release|Any CPU.ActiveCfg = Release|Any CPU
		{D89450AE-4420-4747-BCA0-E6C2C419C215}.Release|Any CPU.Build.0 = Release|Any CPU
		{D89450AE-4420-4747-BCA0-E6C2C419C215}.Release|ARM.ActiveCfg = Release|Any CPU
		{D89450AE-4420-4747-BCA0-E6C2C419C215}.Release|ARM.Build.0 = Release|Any CPU
		{D89450AE-4420-4747-BCA0-E6C2C419C215}.Release|iPhone.ActiveCfg = Release|Any CPU
		{D89450AE-4420-4747-BCA0-E6C2C419C215}.Release|iPhone.Build.0 = Release|Any CPU
		{D89450AE-4420-4747-BCA0-E6C2C419C215}.Release|iPhoneSimulator.ActiveCfg = Release|Any CPU
		{D89450AE-4420-4747-BCA0-E6C2C419C215}.Release|iPhoneSimulator.Build.0 = Release|Any CPU
		{D89450AE-4420-4747-BCA0-E6C2C419C215}.Release|x86.ActiveCfg = Release|Any CPU
		{D89450AE-4420-4747-BCA0-E6C2C419C215}.Release|x86.Build.0 = Release|Any CPU
		{A7DAA50A-8F73-4CB7-80DC-DEA68C0E2730}.Ad-Hoc|Any CPU.ActiveCfg = Release|Any CPU
		{A7DAA50A-8F73-4CB7-80DC-DEA68C0E2730}.Ad-Hoc|Any CPU.Build.0 = Release|Any CPU
		{A7DAA50A-8F73-4CB7-80DC-DEA68C0E2730}.Ad-Hoc|ARM.ActiveCfg = Release|Any CPU
		{A7DAA50A-8F73-4CB7-80DC-DEA68C0E2730}.Ad-Hoc|ARM.Build.0 = Release|Any CPU
		{A7DAA50A-8F73-4CB7-80DC-DEA68C0E2730}.Ad-Hoc|iPhone.ActiveCfg = Release|Any CPU
		{A7DAA50A-8F73-4CB7-80DC-DEA68C0E2730}.Ad-Hoc|iPhone.Build.0 = Release|Any CPU
		{A7DAA50A-8F73-4CB7-80DC-DEA68C0E2730}.Ad-Hoc|iPhoneSimulator.ActiveCfg = Release|Any CPU
		{A7DAA50A-8F73-4CB7-80DC-DEA68C0E2730}.Ad-Hoc|iPhoneSimulator.Build.0 = Release|Any CPU
		{A7DAA50A-8F73-4CB7-80DC-DEA68C0E2730}.Ad-Hoc|x86.ActiveCfg = Release|Any CPU
		{A7DAA50A-8F73-4CB7-80DC-DEA68C0E2730}.Ad-Hoc|x86.Build.0 = Release|Any CPU
		{A7DAA50A-8F73-4CB7-80DC-DEA68C0E2730}.AppStore|Any CPU.ActiveCfg = Release|Any CPU
		{A7DAA50A-8F73-4CB7-80DC-DEA68C0E2730}.AppStore|Any CPU.Build.0 = Release|Any CPU
		{A7DAA50A-8F73-4CB7-80DC-DEA68C0E2730}.AppStore|ARM.ActiveCfg = Release|Any CPU
		{A7DAA50A-8F73-4CB7-80DC-DEA68C0E2730}.AppStore|ARM.Build.0 = Release|Any CPU
		{A7DAA50A-8F73-4CB7-80DC-DEA68C0E2730}.AppStore|iPhone.ActiveCfg = Release|Any CPU
		{A7DAA50A-8F73-4CB7-80DC-DEA68C0E2730}.AppStore|iPhone.Build.0 = Release|Any CPU
		{A7DAA50A-8F73-4CB7-80DC-DEA68C0E2730}.AppStore|iPhoneSimulator.ActiveCfg = Release|Any CPU
		{A7DAA50A-8F73-4CB7-80DC-DEA68C0E2730}.AppStore|iPhoneSimulator.Build.0 = Release|Any CPU
		{A7DAA50A-8F73-4CB7-80DC-DEA68C0E2730}.AppStore|x86.ActiveCfg = Release|Any CPU
		{A7DAA50A-8F73-4CB7-80DC-DEA68C0E2730}.AppStore|x86.Build.0 = Release|Any CPU
		{A7DAA50A-8F73-4CB7-80DC-DEA68C0E2730}.Debug|Any CPU.ActiveCfg = Debug|Any CPU
		{A7DAA50A-8F73-4CB7-80DC-DEA68C0E2730}.Debug|Any CPU.Build.0 = Debug|Any CPU
		{A7DAA50A-8F73-4CB7-80DC-DEA68C0E2730}.Debug|ARM.ActiveCfg = Debug|Any CPU
		{A7DAA50A-8F73-4CB7-80DC-DEA68C0E2730}.Debug|ARM.Build.0 = Debug|Any CPU
		{A7DAA50A-8F73-4CB7-80DC-DEA68C0E2730}.Debug|iPhone.ActiveCfg = Debug|Any CPU
		{A7DAA50A-8F73-4CB7-80DC-DEA68C0E2730}.Debug|iPhone.Build.0 = Debug|Any CPU
		{A7DAA50A-8F73-4CB7-80DC-DEA68C0E2730}.Debug|iPhoneSimulator.ActiveCfg = Debug|Any CPU
		{A7DAA50A-8F73-4CB7-80DC-DEA68C0E2730}.Debug|iPhoneSimulator.Build.0 = Debug|Any CPU
		{A7DAA50A-8F73-4CB7-80DC-DEA68C0E2730}.Debug|x86.ActiveCfg = Debug|Any CPU
		{A7DAA50A-8F73-4CB7-80DC-DEA68C0E2730}.Debug|x86.Build.0 = Debug|Any CPU
		{A7DAA50A-8F73-4CB7-80DC-DEA68C0E2730}.Release|Any CPU.ActiveCfg = Release|Any CPU
		{A7DAA50A-8F73-4CB7-80DC-DEA68C0E2730}.Release|Any CPU.Build.0 = Release|Any CPU
		{A7DAA50A-8F73-4CB7-80DC-DEA68C0E2730}.Release|ARM.ActiveCfg = Release|Any CPU
		{A7DAA50A-8F73-4CB7-80DC-DEA68C0E2730}.Release|ARM.Build.0 = Release|Any CPU
		{A7DAA50A-8F73-4CB7-80DC-DEA68C0E2730}.Release|iPhone.ActiveCfg = Release|Any CPU
		{A7DAA50A-8F73-4CB7-80DC-DEA68C0E2730}.Release|iPhone.Build.0 = Release|Any CPU
		{A7DAA50A-8F73-4CB7-80DC-DEA68C0E2730}.Release|iPhoneSimulator.ActiveCfg = Release|Any CPU
		{A7DAA50A-8F73-4CB7-80DC-DEA68C0E2730}.Release|iPhoneSimulator.Build.0 = Release|Any CPU
		{A7DAA50A-8F73-4CB7-80DC-DEA68C0E2730}.Release|x86.ActiveCfg = Release|Any CPU
		{A7DAA50A-8F73-4CB7-80DC-DEA68C0E2730}.Release|x86.Build.0 = Release|Any CPU
		{2655A00A-AB71-4EC5-BBA8-B1EFEBB2863B}.Ad-Hoc|Any CPU.ActiveCfg = Release|Any CPU
		{2655A00A-AB71-4EC5-BBA8-B1EFEBB2863B}.Ad-Hoc|Any CPU.Build.0 = Release|Any CPU
		{2655A00A-AB71-4EC5-BBA8-B1EFEBB2863B}.Ad-Hoc|ARM.ActiveCfg = Release|Any CPU
		{2655A00A-AB71-4EC5-BBA8-B1EFEBB2863B}.Ad-Hoc|ARM.Build.0 = Release|Any CPU
		{2655A00A-AB71-4EC5-BBA8-B1EFEBB2863B}.Ad-Hoc|iPhone.ActiveCfg = Release|Any CPU
		{2655A00A-AB71-4EC5-BBA8-B1EFEBB2863B}.Ad-Hoc|iPhone.Build.0 = Release|Any CPU
		{2655A00A-AB71-4EC5-BBA8-B1EFEBB2863B}.Ad-Hoc|iPhoneSimulator.ActiveCfg = Release|Any CPU
		{2655A00A-AB71-4EC5-BBA8-B1EFEBB2863B}.Ad-Hoc|iPhoneSimulator.Build.0 = Release|Any CPU
		{2655A00A-AB71-4EC5-BBA8-B1EFEBB2863B}.Ad-Hoc|x86.ActiveCfg = Release|Any CPU
		{2655A00A-AB71-4EC5-BBA8-B1EFEBB2863B}.Ad-Hoc|x86.Build.0 = Release|Any CPU
		{2655A00A-AB71-4EC5-BBA8-B1EFEBB2863B}.AppStore|Any CPU.ActiveCfg = Release|Any CPU
		{2655A00A-AB71-4EC5-BBA8-B1EFEBB2863B}.AppStore|Any CPU.Build.0 = Release|Any CPU
		{2655A00A-AB71-4EC5-BBA8-B1EFEBB2863B}.AppStore|ARM.ActiveCfg = Release|Any CPU
		{2655A00A-AB71-4EC5-BBA8-B1EFEBB2863B}.AppStore|ARM.Build.0 = Release|Any CPU
		{2655A00A-AB71-4EC5-BBA8-B1EFEBB2863B}.AppStore|iPhone.ActiveCfg = Release|Any CPU
		{2655A00A-AB71-4EC5-BBA8-B1EFEBB2863B}.AppStore|iPhone.Build.0 = Release|Any CPU
		{2655A00A-AB71-4EC5-BBA8-B1EFEBB2863B}.AppStore|iPhoneSimulator.ActiveCfg = Release|Any CPU
		{2655A00A-AB71-4EC5-BBA8-B1EFEBB2863B}.AppStore|iPhoneSimulator.Build.0 = Release|Any CPU
		{2655A00A-AB71-4EC5-BBA8-B1EFEBB2863B}.AppStore|x86.ActiveCfg = Release|Any CPU
		{2655A00A-AB71-4EC5-BBA8-B1EFEBB2863B}.AppStore|x86.Build.0 = Release|Any CPU
		{2655A00A-AB71-4EC5-BBA8-B1EFEBB2863B}.Debug|Any CPU.ActiveCfg = Debug|Any CPU
		{2655A00A-AB71-4EC5-BBA8-B1EFEBB2863B}.Debug|Any CPU.Build.0 = Debug|Any CPU
		{2655A00A-AB71-4EC5-BBA8-B1EFEBB2863B}.Debug|ARM.ActiveCfg = Debug|Any CPU
		{2655A00A-AB71-4EC5-BBA8-B1EFEBB2863B}.Debug|ARM.Build.0 = Debug|Any CPU
		{2655A00A-AB71-4EC5-BBA8-B1EFEBB2863B}.Debug|iPhone.ActiveCfg = Debug|Any CPU
		{2655A00A-AB71-4EC5-BBA8-B1EFEBB2863B}.Debug|iPhone.Build.0 = Debug|Any CPU
		{2655A00A-AB71-4EC5-BBA8-B1EFEBB2863B}.Debug|iPhoneSimulator.ActiveCfg = Debug|Any CPU
		{2655A00A-AB71-4EC5-BBA8-B1EFEBB2863B}.Debug|iPhoneSimulator.Build.0 = Debug|Any CPU
		{2655A00A-AB71-4EC5-BBA8-B1EFEBB2863B}.Debug|x86.ActiveCfg = Debug|Any CPU
		{2655A00A-AB71-4EC5-BBA8-B1EFEBB2863B}.Debug|x86.Build.0 = Debug|Any CPU
		{2655A00A-AB71-4EC5-BBA8-B1EFEBB2863B}.Release|Any CPU.ActiveCfg = Release|Any CPU
		{2655A00A-AB71-4EC5-BBA8-B1EFEBB2863B}.Release|Any CPU.Build.0 = Release|Any CPU
		{2655A00A-AB71-4EC5-BBA8-B1EFEBB2863B}.Release|ARM.ActiveCfg = Release|Any CPU
		{2655A00A-AB71-4EC5-BBA8-B1EFEBB2863B}.Release|ARM.Build.0 = Release|Any CPU
		{2655A00A-AB71-4EC5-BBA8-B1EFEBB2863B}.Release|iPhone.ActiveCfg = Release|Any CPU
		{2655A00A-AB71-4EC5-BBA8-B1EFEBB2863B}.Release|iPhone.Build.0 = Release|Any CPU
		{2655A00A-AB71-4EC5-BBA8-B1EFEBB2863B}.Release|iPhoneSimulator.ActiveCfg = Release|Any CPU
		{2655A00A-AB71-4EC5-BBA8-B1EFEBB2863B}.Release|iPhoneSimulator.Build.0 = Release|Any CPU
		{2655A00A-AB71-4EC5-BBA8-B1EFEBB2863B}.Release|x86.ActiveCfg = Release|Any CPU
		{2655A00A-AB71-4EC5-BBA8-B1EFEBB2863B}.Release|x86.Build.0 = Release|Any CPU
		{48BF557D-0160-433E-B049-8BA752E2451F}.Ad-Hoc|Any CPU.ActiveCfg = Release|Any CPU
		{48BF557D-0160-433E-B049-8BA752E2451F}.Ad-Hoc|Any CPU.Build.0 = Release|Any CPU
		{48BF557D-0160-433E-B049-8BA752E2451F}.Ad-Hoc|ARM.ActiveCfg = Release|Any CPU
		{48BF557D-0160-433E-B049-8BA752E2451F}.Ad-Hoc|ARM.Build.0 = Release|Any CPU
		{48BF557D-0160-433E-B049-8BA752E2451F}.Ad-Hoc|iPhone.ActiveCfg = Release|Any CPU
		{48BF557D-0160-433E-B049-8BA752E2451F}.Ad-Hoc|iPhone.Build.0 = Release|Any CPU
		{48BF557D-0160-433E-B049-8BA752E2451F}.Ad-Hoc|iPhoneSimulator.ActiveCfg = Release|Any CPU
		{48BF557D-0160-433E-B049-8BA752E2451F}.Ad-Hoc|iPhoneSimulator.Build.0 = Release|Any CPU
		{48BF557D-0160-433E-B049-8BA752E2451F}.Ad-Hoc|x86.ActiveCfg = Release|Any CPU
		{48BF557D-0160-433E-B049-8BA752E2451F}.Ad-Hoc|x86.Build.0 = Release|Any CPU
		{48BF557D-0160-433E-B049-8BA752E2451F}.AppStore|Any CPU.ActiveCfg = Release|Any CPU
		{48BF557D-0160-433E-B049-8BA752E2451F}.AppStore|Any CPU.Build.0 = Release|Any CPU
		{48BF557D-0160-433E-B049-8BA752E2451F}.AppStore|ARM.ActiveCfg = Release|Any CPU
		{48BF557D-0160-433E-B049-8BA752E2451F}.AppStore|ARM.Build.0 = Release|Any CPU
		{48BF557D-0160-433E-B049-8BA752E2451F}.AppStore|iPhone.ActiveCfg = Release|Any CPU
		{48BF557D-0160-433E-B049-8BA752E2451F}.AppStore|iPhone.Build.0 = Release|Any CPU
		{48BF557D-0160-433E-B049-8BA752E2451F}.AppStore|iPhoneSimulator.ActiveCfg = Release|Any CPU
		{48BF557D-0160-433E-B049-8BA752E2451F}.AppStore|iPhoneSimulator.Build.0 = Release|Any CPU
		{48BF557D-0160-433E-B049-8BA752E2451F}.AppStore|x86.ActiveCfg = Release|Any CPU
		{48BF557D-0160-433E-B049-8BA752E2451F}.AppStore|x86.Build.0 = Release|Any CPU
		{48BF557D-0160-433E-B049-8BA752E2451F}.Debug|Any CPU.ActiveCfg = Debug|Any CPU
		{48BF557D-0160-433E-B049-8BA752E2451F}.Debug|Any CPU.Build.0 = Debug|Any CPU
		{48BF557D-0160-433E-B049-8BA752E2451F}.Debug|ARM.ActiveCfg = Debug|Any CPU
		{48BF557D-0160-433E-B049-8BA752E2451F}.Debug|ARM.Build.0 = Debug|Any CPU
		{48BF557D-0160-433E-B049-8BA752E2451F}.Debug|iPhone.ActiveCfg = Debug|Any CPU
		{48BF557D-0160-433E-B049-8BA752E2451F}.Debug|iPhone.Build.0 = Debug|Any CPU
		{48BF557D-0160-433E-B049-8BA752E2451F}.Debug|iPhoneSimulator.ActiveCfg = Debug|Any CPU
		{48BF557D-0160-433E-B049-8BA752E2451F}.Debug|iPhoneSimulator.Build.0 = Debug|Any CPU
		{48BF557D-0160-433E-B049-8BA752E2451F}.Debug|x86.ActiveCfg = Debug|Any CPU
		{48BF557D-0160-433E-B049-8BA752E2451F}.Debug|x86.Build.0 = Debug|Any CPU
		{48BF557D-0160-433E-B049-8BA752E2451F}.Release|Any CPU.ActiveCfg = Release|Any CPU
		{48BF557D-0160-433E-B049-8BA752E2451F}.Release|Any CPU.Build.0 = Release|Any CPU
		{48BF557D-0160-433E-B049-8BA752E2451F}.Release|ARM.ActiveCfg = Release|Any CPU
		{48BF557D-0160-433E-B049-8BA752E2451F}.Release|ARM.Build.0 = Release|Any CPU
		{48BF557D-0160-433E-B049-8BA752E2451F}.Release|iPhone.ActiveCfg = Release|Any CPU
		{48BF557D-0160-433E-B049-8BA752E2451F}.Release|iPhone.Build.0 = Release|Any CPU
		{48BF557D-0160-433E-B049-8BA752E2451F}.Release|iPhoneSimulator.ActiveCfg = Release|Any CPU
		{48BF557D-0160-433E-B049-8BA752E2451F}.Release|iPhoneSimulator.Build.0 = Release|Any CPU
		{48BF557D-0160-433E-B049-8BA752E2451F}.Release|x86.ActiveCfg = Release|Any CPU
		{48BF557D-0160-433E-B049-8BA752E2451F}.Release|x86.Build.0 = Release|Any CPU
		{3DD80431-E862-4EAD-864B-8C468CB07D88}.Ad-Hoc|Any CPU.ActiveCfg = Release|Any CPU
		{3DD80431-E862-4EAD-864B-8C468CB07D88}.Ad-Hoc|Any CPU.Build.0 = Release|Any CPU
		{3DD80431-E862-4EAD-864B-8C468CB07D88}.Ad-Hoc|ARM.ActiveCfg = Release|Any CPU
		{3DD80431-E862-4EAD-864B-8C468CB07D88}.Ad-Hoc|ARM.Build.0 = Release|Any CPU
		{3DD80431-E862-4EAD-864B-8C468CB07D88}.Ad-Hoc|iPhone.ActiveCfg = Release|Any CPU
		{3DD80431-E862-4EAD-864B-8C468CB07D88}.Ad-Hoc|iPhone.Build.0 = Release|Any CPU
		{3DD80431-E862-4EAD-864B-8C468CB07D88}.Ad-Hoc|iPhoneSimulator.ActiveCfg = Release|Any CPU
		{3DD80431-E862-4EAD-864B-8C468CB07D88}.Ad-Hoc|iPhoneSimulator.Build.0 = Release|Any CPU
		{3DD80431-E862-4EAD-864B-8C468CB07D88}.Ad-Hoc|x86.ActiveCfg = Release|Any CPU
		{3DD80431-E862-4EAD-864B-8C468CB07D88}.Ad-Hoc|x86.Build.0 = Release|Any CPU
		{3DD80431-E862-4EAD-864B-8C468CB07D88}.AppStore|Any CPU.ActiveCfg = Release|Any CPU
		{3DD80431-E862-4EAD-864B-8C468CB07D88}.AppStore|Any CPU.Build.0 = Release|Any CPU
		{3DD80431-E862-4EAD-864B-8C468CB07D88}.AppStore|ARM.ActiveCfg = Release|Any CPU
		{3DD80431-E862-4EAD-864B-8C468CB07D88}.AppStore|ARM.Build.0 = Release|Any CPU
		{3DD80431-E862-4EAD-864B-8C468CB07D88}.AppStore|iPhone.ActiveCfg = Release|Any CPU
		{3DD80431-E862-4EAD-864B-8C468CB07D88}.AppStore|iPhone.Build.0 = Release|Any CPU
		{3DD80431-E862-4EAD-864B-8C468CB07D88}.AppStore|iPhoneSimulator.ActiveCfg = Release|Any CPU
		{3DD80431-E862-4EAD-864B-8C468CB07D88}.AppStore|iPhoneSimulator.Build.0 = Release|Any CPU
		{3DD80431-E862-4EAD-864B-8C468CB07D88}.AppStore|x86.ActiveCfg = Release|Any CPU
		{3DD80431-E862-4EAD-864B-8C468CB07D88}.AppStore|x86.Build.0 = Release|Any CPU
		{3DD80431-E862-4EAD-864B-8C468CB07D88}.Debug|Any CPU.ActiveCfg = Debug|Any CPU
		{3DD80431-E862-4EAD-864B-8C468CB07D88}.Debug|Any CPU.Build.0 = Debug|Any CPU
		{3DD80431-E862-4EAD-864B-8C468CB07D88}.Debug|ARM.ActiveCfg = Debug|Any CPU
		{3DD80431-E862-4EAD-864B-8C468CB07D88}.Debug|ARM.Build.0 = Debug|Any CPU
		{3DD80431-E862-4EAD-864B-8C468CB07D88}.Debug|iPhone.ActiveCfg = Debug|Any CPU
		{3DD80431-E862-4EAD-864B-8C468CB07D88}.Debug|iPhone.Build.0 = Debug|Any CPU
		{3DD80431-E862-4EAD-864B-8C468CB07D88}.Debug|iPhoneSimulator.ActiveCfg = Debug|Any CPU
		{3DD80431-E862-4EAD-864B-8C468CB07D88}.Debug|iPhoneSimulator.Build.0 = Debug|Any CPU
		{3DD80431-E862-4EAD-864B-8C468CB07D88}.Debug|x86.ActiveCfg = Debug|Any CPU
		{3DD80431-E862-4EAD-864B-8C468CB07D88}.Debug|x86.Build.0 = Debug|Any CPU
		{3DD80431-E862-4EAD-864B-8C468CB07D88}.Release|Any CPU.ActiveCfg = Release|Any CPU
		{3DD80431-E862-4EAD-864B-8C468CB07D88}.Release|Any CPU.Build.0 = Release|Any CPU
		{3DD80431-E862-4EAD-864B-8C468CB07D88}.Release|ARM.ActiveCfg = Release|Any CPU
		{3DD80431-E862-4EAD-864B-8C468CB07D88}.Release|ARM.Build.0 = Release|Any CPU
		{3DD80431-E862-4EAD-864B-8C468CB07D88}.Release|iPhone.ActiveCfg = Release|Any CPU
		{3DD80431-E862-4EAD-864B-8C468CB07D88}.Release|iPhone.Build.0 = Release|Any CPU
		{3DD80431-E862-4EAD-864B-8C468CB07D88}.Release|iPhoneSimulator.ActiveCfg = Release|Any CPU
		{3DD80431-E862-4EAD-864B-8C468CB07D88}.Release|iPhoneSimulator.Build.0 = Release|Any CPU
		{3DD80431-E862-4EAD-864B-8C468CB07D88}.Release|x86.ActiveCfg = Release|Any CPU
		{3DD80431-E862-4EAD-864B-8C468CB07D88}.Release|x86.Build.0 = Release|Any CPU
		{8869155F-BCF6-460C-8E05-67F77B2778EE}.Ad-Hoc|Any CPU.ActiveCfg = Release|Any CPU
		{8869155F-BCF6-460C-8E05-67F77B2778EE}.Ad-Hoc|Any CPU.Build.0 = Release|Any CPU
		{8869155F-BCF6-460C-8E05-67F77B2778EE}.Ad-Hoc|ARM.ActiveCfg = Release|Any CPU
		{8869155F-BCF6-460C-8E05-67F77B2778EE}.Ad-Hoc|ARM.Build.0 = Release|Any CPU
		{8869155F-BCF6-460C-8E05-67F77B2778EE}.Ad-Hoc|iPhone.ActiveCfg = Release|Any CPU
		{8869155F-BCF6-460C-8E05-67F77B2778EE}.Ad-Hoc|iPhone.Build.0 = Release|Any CPU
		{8869155F-BCF6-460C-8E05-67F77B2778EE}.Ad-Hoc|iPhoneSimulator.ActiveCfg = Release|Any CPU
		{8869155F-BCF6-460C-8E05-67F77B2778EE}.Ad-Hoc|iPhoneSimulator.Build.0 = Release|Any CPU
		{8869155F-BCF6-460C-8E05-67F77B2778EE}.Ad-Hoc|x86.ActiveCfg = Release|Any CPU
		{8869155F-BCF6-460C-8E05-67F77B2778EE}.Ad-Hoc|x86.Build.0 = Release|Any CPU
		{8869155F-BCF6-460C-8E05-67F77B2778EE}.AppStore|Any CPU.ActiveCfg = Release|Any CPU
		{8869155F-BCF6-460C-8E05-67F77B2778EE}.AppStore|Any CPU.Build.0 = Release|Any CPU
		{8869155F-BCF6-460C-8E05-67F77B2778EE}.AppStore|ARM.ActiveCfg = Release|Any CPU
		{8869155F-BCF6-460C-8E05-67F77B2778EE}.AppStore|ARM.Build.0 = Release|Any CPU
		{8869155F-BCF6-460C-8E05-67F77B2778EE}.AppStore|iPhone.ActiveCfg = Release|Any CPU
		{8869155F-BCF6-460C-8E05-67F77B2778EE}.AppStore|iPhone.Build.0 = Release|Any CPU
		{8869155F-BCF6-460C-8E05-67F77B2778EE}.AppStore|iPhoneSimulator.ActiveCfg = Release|Any CPU
		{8869155F-BCF6-460C-8E05-67F77B2778EE}.AppStore|iPhoneSimulator.Build.0 = Release|Any CPU
		{8869155F-BCF6-460C-8E05-67F77B2778EE}.AppStore|x86.ActiveCfg = Release|Any CPU
		{8869155F-BCF6-460C-8E05-67F77B2778EE}.AppStore|x86.Build.0 = Release|Any CPU
		{8869155F-BCF6-460C-8E05-67F77B2778EE}.Debug|Any CPU.ActiveCfg = Debug|Any CPU
		{8869155F-BCF6-460C-8E05-67F77B2778EE}.Debug|Any CPU.Build.0 = Debug|Any CPU
		{8869155F-BCF6-460C-8E05-67F77B2778EE}.Debug|ARM.ActiveCfg = Debug|Any CPU
		{8869155F-BCF6-460C-8E05-67F77B2778EE}.Debug|ARM.Build.0 = Debug|Any CPU
		{8869155F-BCF6-460C-8E05-67F77B2778EE}.Debug|iPhone.ActiveCfg = Debug|Any CPU
		{8869155F-BCF6-460C-8E05-67F77B2778EE}.Debug|iPhone.Build.0 = Debug|Any CPU
		{8869155F-BCF6-460C-8E05-67F77B2778EE}.Debug|iPhoneSimulator.ActiveCfg = Debug|Any CPU
		{8869155F-BCF6-460C-8E05-67F77B2778EE}.Debug|iPhoneSimulator.Build.0 = Debug|Any CPU
		{8869155F-BCF6-460C-8E05-67F77B2778EE}.Debug|x86.ActiveCfg = Debug|Any CPU
		{8869155F-BCF6-460C-8E05-67F77B2778EE}.Debug|x86.Build.0 = Debug|Any CPU
		{8869155F-BCF6-460C-8E05-67F77B2778EE}.Release|Any CPU.ActiveCfg = Release|Any CPU
		{8869155F-BCF6-460C-8E05-67F77B2778EE}.Release|Any CPU.Build.0 = Release|Any CPU
		{8869155F-BCF6-460C-8E05-67F77B2778EE}.Release|ARM.ActiveCfg = Release|Any CPU
		{8869155F-BCF6-460C-8E05-67F77B2778EE}.Release|ARM.Build.0 = Release|Any CPU
		{8869155F-BCF6-460C-8E05-67F77B2778EE}.Release|iPhone.ActiveCfg = Release|Any CPU
		{8869155F-BCF6-460C-8E05-67F77B2778EE}.Release|iPhone.Build.0 = Release|Any CPU
		{8869155F-BCF6-460C-8E05-67F77B2778EE}.Release|iPhoneSimulator.ActiveCfg = Release|Any CPU
		{8869155F-BCF6-460C-8E05-67F77B2778EE}.Release|iPhoneSimulator.Build.0 = Release|Any CPU
		{8869155F-BCF6-460C-8E05-67F77B2778EE}.Release|x86.ActiveCfg = Release|Any CPU
		{8869155F-BCF6-460C-8E05-67F77B2778EE}.Release|x86.Build.0 = Release|Any CPU
		{A1D7547A-11C9-45A9-8379-378F646EA309}.Ad-Hoc|Any CPU.ActiveCfg = Release|Any CPU
		{A1D7547A-11C9-45A9-8379-378F646EA309}.Ad-Hoc|Any CPU.Build.0 = Release|Any CPU
		{A1D7547A-11C9-45A9-8379-378F646EA309}.Ad-Hoc|ARM.ActiveCfg = Release|Any CPU
		{A1D7547A-11C9-45A9-8379-378F646EA309}.Ad-Hoc|ARM.Build.0 = Release|Any CPU
		{A1D7547A-11C9-45A9-8379-378F646EA309}.Ad-Hoc|iPhone.ActiveCfg = Release|Any CPU
		{A1D7547A-11C9-45A9-8379-378F646EA309}.Ad-Hoc|iPhone.Build.0 = Release|Any CPU
		{A1D7547A-11C9-45A9-8379-378F646EA309}.Ad-Hoc|iPhoneSimulator.ActiveCfg = Release|Any CPU
		{A1D7547A-11C9-45A9-8379-378F646EA309}.Ad-Hoc|iPhoneSimulator.Build.0 = Release|Any CPU
		{A1D7547A-11C9-45A9-8379-378F646EA309}.Ad-Hoc|x86.ActiveCfg = Release|Any CPU
		{A1D7547A-11C9-45A9-8379-378F646EA309}.Ad-Hoc|x86.Build.0 = Release|Any CPU
		{A1D7547A-11C9-45A9-8379-378F646EA309}.AppStore|Any CPU.ActiveCfg = Release|Any CPU
		{A1D7547A-11C9-45A9-8379-378F646EA309}.AppStore|Any CPU.Build.0 = Release|Any CPU
		{A1D7547A-11C9-45A9-8379-378F646EA309}.AppStore|ARM.ActiveCfg = Release|Any CPU
		{A1D7547A-11C9-45A9-8379-378F646EA309}.AppStore|ARM.Build.0 = Release|Any CPU
		{A1D7547A-11C9-45A9-8379-378F646EA309}.AppStore|iPhone.ActiveCfg = Release|Any CPU
		{A1D7547A-11C9-45A9-8379-378F646EA309}.AppStore|iPhone.Build.0 = Release|Any CPU
		{A1D7547A-11C9-45A9-8379-378F646EA309}.AppStore|iPhoneSimulator.ActiveCfg = Release|Any CPU
		{A1D7547A-11C9-45A9-8379-378F646EA309}.AppStore|iPhoneSimulator.Build.0 = Release|Any CPU
		{A1D7547A-11C9-45A9-8379-378F646EA309}.AppStore|x86.ActiveCfg = Release|Any CPU
		{A1D7547A-11C9-45A9-8379-378F646EA309}.AppStore|x86.Build.0 = Release|Any CPU
		{A1D7547A-11C9-45A9-8379-378F646EA309}.Debug|Any CPU.ActiveCfg = Debug|Any CPU
		{A1D7547A-11C9-45A9-8379-378F646EA309}.Debug|Any CPU.Build.0 = Debug|Any CPU
		{A1D7547A-11C9-45A9-8379-378F646EA309}.Debug|ARM.ActiveCfg = Debug|Any CPU
		{A1D7547A-11C9-45A9-8379-378F646EA309}.Debug|ARM.Build.0 = Debug|Any CPU
		{A1D7547A-11C9-45A9-8379-378F646EA309}.Debug|iPhone.ActiveCfg = Debug|Any CPU
		{A1D7547A-11C9-45A9-8379-378F646EA309}.Debug|iPhone.Build.0 = Debug|Any CPU
		{A1D7547A-11C9-45A9-8379-378F646EA309}.Debug|iPhoneSimulator.ActiveCfg = Debug|Any CPU
		{A1D7547A-11C9-45A9-8379-378F646EA309}.Debug|iPhoneSimulator.Build.0 = Debug|Any CPU
		{A1D7547A-11C9-45A9-8379-378F646EA309}.Debug|x86.ActiveCfg = Debug|Any CPU
		{A1D7547A-11C9-45A9-8379-378F646EA309}.Debug|x86.Build.0 = Debug|Any CPU
		{A1D7547A-11C9-45A9-8379-378F646EA309}.Release|Any CPU.ActiveCfg = Release|Any CPU
		{A1D7547A-11C9-45A9-8379-378F646EA309}.Release|Any CPU.Build.0 = Release|Any CPU
		{A1D7547A-11C9-45A9-8379-378F646EA309}.Release|ARM.ActiveCfg = Release|Any CPU
		{A1D7547A-11C9-45A9-8379-378F646EA309}.Release|ARM.Build.0 = Release|Any CPU
		{A1D7547A-11C9-45A9-8379-378F646EA309}.Release|iPhone.ActiveCfg = Release|Any CPU
		{A1D7547A-11C9-45A9-8379-378F646EA309}.Release|iPhone.Build.0 = Release|Any CPU
		{A1D7547A-11C9-45A9-8379-378F646EA309}.Release|iPhoneSimulator.ActiveCfg = Release|Any CPU
		{A1D7547A-11C9-45A9-8379-378F646EA309}.Release|iPhoneSimulator.Build.0 = Release|Any CPU
		{A1D7547A-11C9-45A9-8379-378F646EA309}.Release|x86.ActiveCfg = Release|Any CPU
		{A1D7547A-11C9-45A9-8379-378F646EA309}.Release|x86.Build.0 = Release|Any CPU
		{E02D7577-AD7B-42DF-B38B-96D41919260D}.Ad-Hoc|Any CPU.ActiveCfg = Release|Any CPU
		{E02D7577-AD7B-42DF-B38B-96D41919260D}.Ad-Hoc|Any CPU.Build.0 = Release|Any CPU
		{E02D7577-AD7B-42DF-B38B-96D41919260D}.Ad-Hoc|ARM.ActiveCfg = Release|Any CPU
		{E02D7577-AD7B-42DF-B38B-96D41919260D}.Ad-Hoc|ARM.Build.0 = Release|Any CPU
		{E02D7577-AD7B-42DF-B38B-96D41919260D}.Ad-Hoc|iPhone.ActiveCfg = Release|Any CPU
		{E02D7577-AD7B-42DF-B38B-96D41919260D}.Ad-Hoc|iPhone.Build.0 = Release|Any CPU
		{E02D7577-AD7B-42DF-B38B-96D41919260D}.Ad-Hoc|iPhoneSimulator.ActiveCfg = Release|Any CPU
		{E02D7577-AD7B-42DF-B38B-96D41919260D}.Ad-Hoc|iPhoneSimulator.Build.0 = Release|Any CPU
		{E02D7577-AD7B-42DF-B38B-96D41919260D}.Ad-Hoc|x86.ActiveCfg = Release|Any CPU
		{E02D7577-AD7B-42DF-B38B-96D41919260D}.Ad-Hoc|x86.Build.0 = Release|Any CPU
		{E02D7577-AD7B-42DF-B38B-96D41919260D}.AppStore|Any CPU.ActiveCfg = Release|Any CPU
		{E02D7577-AD7B-42DF-B38B-96D41919260D}.AppStore|Any CPU.Build.0 = Release|Any CPU
		{E02D7577-AD7B-42DF-B38B-96D41919260D}.AppStore|ARM.ActiveCfg = Release|Any CPU
		{E02D7577-AD7B-42DF-B38B-96D41919260D}.AppStore|ARM.Build.0 = Release|Any CPU
		{E02D7577-AD7B-42DF-B38B-96D41919260D}.AppStore|iPhone.ActiveCfg = Release|Any CPU
		{E02D7577-AD7B-42DF-B38B-96D41919260D}.AppStore|iPhone.Build.0 = Release|Any CPU
		{E02D7577-AD7B-42DF-B38B-96D41919260D}.AppStore|iPhoneSimulator.ActiveCfg = Release|Any CPU
		{E02D7577-AD7B-42DF-B38B-96D41919260D}.AppStore|iPhoneSimulator.Build.0 = Release|Any CPU
		{E02D7577-AD7B-42DF-B38B-96D41919260D}.AppStore|x86.ActiveCfg = Release|Any CPU
		{E02D7577-AD7B-42DF-B38B-96D41919260D}.AppStore|x86.Build.0 = Release|Any CPU
		{E02D7577-AD7B-42DF-B38B-96D41919260D}.Debug|Any CPU.ActiveCfg = Debug|Any CPU
		{E02D7577-AD7B-42DF-B38B-96D41919260D}.Debug|Any CPU.Build.0 = Debug|Any CPU
		{E02D7577-AD7B-42DF-B38B-96D41919260D}.Debug|ARM.ActiveCfg = Debug|Any CPU
		{E02D7577-AD7B-42DF-B38B-96D41919260D}.Debug|ARM.Build.0 = Debug|Any CPU
		{E02D7577-AD7B-42DF-B38B-96D41919260D}.Debug|iPhone.ActiveCfg = Debug|Any CPU
		{E02D7577-AD7B-42DF-B38B-96D41919260D}.Debug|iPhone.Build.0 = Debug|Any CPU
		{E02D7577-AD7B-42DF-B38B-96D41919260D}.Debug|iPhoneSimulator.ActiveCfg = Debug|Any CPU
		{E02D7577-AD7B-42DF-B38B-96D41919260D}.Debug|iPhoneSimulator.Build.0 = Debug|Any CPU
		{E02D7577-AD7B-42DF-B38B-96D41919260D}.Debug|x86.ActiveCfg = Debug|Any CPU
		{E02D7577-AD7B-42DF-B38B-96D41919260D}.Debug|x86.Build.0 = Debug|Any CPU
		{E02D7577-AD7B-42DF-B38B-96D41919260D}.Release|Any CPU.ActiveCfg = Release|Any CPU
		{E02D7577-AD7B-42DF-B38B-96D41919260D}.Release|Any CPU.Build.0 = Release|Any CPU
		{E02D7577-AD7B-42DF-B38B-96D41919260D}.Release|ARM.ActiveCfg = Release|Any CPU
		{E02D7577-AD7B-42DF-B38B-96D41919260D}.Release|ARM.Build.0 = Release|Any CPU
		{E02D7577-AD7B-42DF-B38B-96D41919260D}.Release|iPhone.ActiveCfg = Release|Any CPU
		{E02D7577-AD7B-42DF-B38B-96D41919260D}.Release|iPhone.Build.0 = Release|Any CPU
		{E02D7577-AD7B-42DF-B38B-96D41919260D}.Release|iPhoneSimulator.ActiveCfg = Release|Any CPU
		{E02D7577-AD7B-42DF-B38B-96D41919260D}.Release|iPhoneSimulator.Build.0 = Release|Any CPU
		{E02D7577-AD7B-42DF-B38B-96D41919260D}.Release|x86.ActiveCfg = Release|Any CPU
		{E02D7577-AD7B-42DF-B38B-96D41919260D}.Release|x86.Build.0 = Release|Any CPU
		{F5411A3D-8121-4CD0-A1FF-D6548735291E}.Ad-Hoc|Any CPU.ActiveCfg = Release|Any CPU
		{F5411A3D-8121-4CD0-A1FF-D6548735291E}.Ad-Hoc|Any CPU.Build.0 = Release|Any CPU
		{F5411A3D-8121-4CD0-A1FF-D6548735291E}.Ad-Hoc|ARM.ActiveCfg = Release|Any CPU
		{F5411A3D-8121-4CD0-A1FF-D6548735291E}.Ad-Hoc|ARM.Build.0 = Release|Any CPU
		{F5411A3D-8121-4CD0-A1FF-D6548735291E}.Ad-Hoc|iPhone.ActiveCfg = Release|Any CPU
		{F5411A3D-8121-4CD0-A1FF-D6548735291E}.Ad-Hoc|iPhone.Build.0 = Release|Any CPU
		{F5411A3D-8121-4CD0-A1FF-D6548735291E}.Ad-Hoc|iPhoneSimulator.ActiveCfg = Release|Any CPU
		{F5411A3D-8121-4CD0-A1FF-D6548735291E}.Ad-Hoc|iPhoneSimulator.Build.0 = Release|Any CPU
		{F5411A3D-8121-4CD0-A1FF-D6548735291E}.Ad-Hoc|x86.ActiveCfg = Release|Any CPU
		{F5411A3D-8121-4CD0-A1FF-D6548735291E}.Ad-Hoc|x86.Build.0 = Release|Any CPU
		{F5411A3D-8121-4CD0-A1FF-D6548735291E}.AppStore|Any CPU.ActiveCfg = Release|Any CPU
		{F5411A3D-8121-4CD0-A1FF-D6548735291E}.AppStore|Any CPU.Build.0 = Release|Any CPU
		{F5411A3D-8121-4CD0-A1FF-D6548735291E}.AppStore|ARM.ActiveCfg = Release|Any CPU
		{F5411A3D-8121-4CD0-A1FF-D6548735291E}.AppStore|ARM.Build.0 = Release|Any CPU
		{F5411A3D-8121-4CD0-A1FF-D6548735291E}.AppStore|iPhone.ActiveCfg = Release|Any CPU
		{F5411A3D-8121-4CD0-A1FF-D6548735291E}.AppStore|iPhone.Build.0 = Release|Any CPU
		{F5411A3D-8121-4CD0-A1FF-D6548735291E}.AppStore|iPhoneSimulator.ActiveCfg = Release|Any CPU
		{F5411A3D-8121-4CD0-A1FF-D6548735291E}.AppStore|iPhoneSimulator.Build.0 = Release|Any CPU
		{F5411A3D-8121-4CD0-A1FF-D6548735291E}.AppStore|x86.ActiveCfg = Release|Any CPU
		{F5411A3D-8121-4CD0-A1FF-D6548735291E}.AppStore|x86.Build.0 = Release|Any CPU
		{F5411A3D-8121-4CD0-A1FF-D6548735291E}.Debug|Any CPU.ActiveCfg = Debug|Any CPU
		{F5411A3D-8121-4CD0-A1FF-D6548735291E}.Debug|Any CPU.Build.0 = Debug|Any CPU
		{F5411A3D-8121-4CD0-A1FF-D6548735291E}.Debug|ARM.ActiveCfg = Debug|Any CPU
		{F5411A3D-8121-4CD0-A1FF-D6548735291E}.Debug|ARM.Build.0 = Debug|Any CPU
		{F5411A3D-8121-4CD0-A1FF-D6548735291E}.Debug|iPhone.ActiveCfg = Debug|Any CPU
		{F5411A3D-8121-4CD0-A1FF-D6548735291E}.Debug|iPhone.Build.0 = Debug|Any CPU
		{F5411A3D-8121-4CD0-A1FF-D6548735291E}.Debug|iPhoneSimulator.ActiveCfg = Debug|Any CPU
		{F5411A3D-8121-4CD0-A1FF-D6548735291E}.Debug|iPhoneSimulator.Build.0 = Debug|Any CPU
		{F5411A3D-8121-4CD0-A1FF-D6548735291E}.Debug|x86.ActiveCfg = Debug|Any CPU
		{F5411A3D-8121-4CD0-A1FF-D6548735291E}.Debug|x86.Build.0 = Debug|Any CPU
		{F5411A3D-8121-4CD0-A1FF-D6548735291E}.Release|Any CPU.ActiveCfg = Release|Any CPU
		{F5411A3D-8121-4CD0-A1FF-D6548735291E}.Release|Any CPU.Build.0 = Release|Any CPU
		{F5411A3D-8121-4CD0-A1FF-D6548735291E}.Release|ARM.ActiveCfg = Release|Any CPU
		{F5411A3D-8121-4CD0-A1FF-D6548735291E}.Release|ARM.Build.0 = Release|Any CPU
		{F5411A3D-8121-4CD0-A1FF-D6548735291E}.Release|iPhone.ActiveCfg = Release|Any CPU
		{F5411A3D-8121-4CD0-A1FF-D6548735291E}.Release|iPhone.Build.0 = Release|Any CPU
		{F5411A3D-8121-4CD0-A1FF-D6548735291E}.Release|iPhoneSimulator.ActiveCfg = Release|Any CPU
		{F5411A3D-8121-4CD0-A1FF-D6548735291E}.Release|iPhoneSimulator.Build.0 = Release|Any CPU
		{F5411A3D-8121-4CD0-A1FF-D6548735291E}.Release|x86.ActiveCfg = Release|Any CPU
		{F5411A3D-8121-4CD0-A1FF-D6548735291E}.Release|x86.Build.0 = Release|Any CPU
		{666CC2B7-1DDC-45A6-8FF2-EC3BACD62CCB}.Ad-Hoc|Any CPU.ActiveCfg = Release|Any CPU
		{666CC2B7-1DDC-45A6-8FF2-EC3BACD62CCB}.Ad-Hoc|Any CPU.Build.0 = Release|Any CPU
		{666CC2B7-1DDC-45A6-8FF2-EC3BACD62CCB}.Ad-Hoc|ARM.ActiveCfg = Release|Any CPU
		{666CC2B7-1DDC-45A6-8FF2-EC3BACD62CCB}.Ad-Hoc|ARM.Build.0 = Release|Any CPU
		{666CC2B7-1DDC-45A6-8FF2-EC3BACD62CCB}.Ad-Hoc|iPhone.ActiveCfg = Release|Any CPU
		{666CC2B7-1DDC-45A6-8FF2-EC3BACD62CCB}.Ad-Hoc|iPhone.Build.0 = Release|Any CPU
		{666CC2B7-1DDC-45A6-8FF2-EC3BACD62CCB}.Ad-Hoc|iPhoneSimulator.ActiveCfg = Release|Any CPU
		{666CC2B7-1DDC-45A6-8FF2-EC3BACD62CCB}.Ad-Hoc|iPhoneSimulator.Build.0 = Release|Any CPU
		{666CC2B7-1DDC-45A6-8FF2-EC3BACD62CCB}.Ad-Hoc|x86.ActiveCfg = Release|Any CPU
		{666CC2B7-1DDC-45A6-8FF2-EC3BACD62CCB}.Ad-Hoc|x86.Build.0 = Release|Any CPU
		{666CC2B7-1DDC-45A6-8FF2-EC3BACD62CCB}.AppStore|Any CPU.ActiveCfg = Release|Any CPU
		{666CC2B7-1DDC-45A6-8FF2-EC3BACD62CCB}.AppStore|Any CPU.Build.0 = Release|Any CPU
		{666CC2B7-1DDC-45A6-8FF2-EC3BACD62CCB}.AppStore|ARM.ActiveCfg = Release|Any CPU
		{666CC2B7-1DDC-45A6-8FF2-EC3BACD62CCB}.AppStore|ARM.Build.0 = Release|Any CPU
		{666CC2B7-1DDC-45A6-8FF2-EC3BACD62CCB}.AppStore|iPhone.ActiveCfg = Release|Any CPU
		{666CC2B7-1DDC-45A6-8FF2-EC3BACD62CCB}.AppStore|iPhone.Build.0 = Release|Any CPU
		{666CC2B7-1DDC-45A6-8FF2-EC3BACD62CCB}.AppStore|iPhoneSimulator.ActiveCfg = Release|Any CPU
		{666CC2B7-1DDC-45A6-8FF2-EC3BACD62CCB}.AppStore|iPhoneSimulator.Build.0 = Release|Any CPU
		{666CC2B7-1DDC-45A6-8FF2-EC3BACD62CCB}.AppStore|x86.ActiveCfg = Release|Any CPU
		{666CC2B7-1DDC-45A6-8FF2-EC3BACD62CCB}.AppStore|x86.Build.0 = Release|Any CPU
		{666CC2B7-1DDC-45A6-8FF2-EC3BACD62CCB}.Debug|Any CPU.ActiveCfg = Debug|Any CPU
		{666CC2B7-1DDC-45A6-8FF2-EC3BACD62CCB}.Debug|Any CPU.Build.0 = Debug|Any CPU
		{666CC2B7-1DDC-45A6-8FF2-EC3BACD62CCB}.Debug|ARM.ActiveCfg = Debug|Any CPU
		{666CC2B7-1DDC-45A6-8FF2-EC3BACD62CCB}.Debug|ARM.Build.0 = Debug|Any CPU
		{666CC2B7-1DDC-45A6-8FF2-EC3BACD62CCB}.Debug|iPhone.ActiveCfg = Debug|Any CPU
		{666CC2B7-1DDC-45A6-8FF2-EC3BACD62CCB}.Debug|iPhone.Build.0 = Debug|Any CPU
		{666CC2B7-1DDC-45A6-8FF2-EC3BACD62CCB}.Debug|iPhoneSimulator.ActiveCfg = Debug|Any CPU
		{666CC2B7-1DDC-45A6-8FF2-EC3BACD62CCB}.Debug|iPhoneSimulator.Build.0 = Debug|Any CPU
		{666CC2B7-1DDC-45A6-8FF2-EC3BACD62CCB}.Debug|x86.ActiveCfg = Debug|Any CPU
		{666CC2B7-1DDC-45A6-8FF2-EC3BACD62CCB}.Debug|x86.Build.0 = Debug|Any CPU
		{666CC2B7-1DDC-45A6-8FF2-EC3BACD62CCB}.Release|Any CPU.ActiveCfg = Release|Any CPU
		{666CC2B7-1DDC-45A6-8FF2-EC3BACD62CCB}.Release|Any CPU.Build.0 = Release|Any CPU
		{666CC2B7-1DDC-45A6-8FF2-EC3BACD62CCB}.Release|ARM.ActiveCfg = Release|Any CPU
		{666CC2B7-1DDC-45A6-8FF2-EC3BACD62CCB}.Release|ARM.Build.0 = Release|Any CPU
		{666CC2B7-1DDC-45A6-8FF2-EC3BACD62CCB}.Release|iPhone.ActiveCfg = Release|Any CPU
		{666CC2B7-1DDC-45A6-8FF2-EC3BACD62CCB}.Release|iPhone.Build.0 = Release|Any CPU
		{666CC2B7-1DDC-45A6-8FF2-EC3BACD62CCB}.Release|iPhoneSimulator.ActiveCfg = Release|Any CPU
		{666CC2B7-1DDC-45A6-8FF2-EC3BACD62CCB}.Release|iPhoneSimulator.Build.0 = Release|Any CPU
		{666CC2B7-1DDC-45A6-8FF2-EC3BACD62CCB}.Release|x86.ActiveCfg = Release|Any CPU
		{666CC2B7-1DDC-45A6-8FF2-EC3BACD62CCB}.Release|x86.Build.0 = Release|Any CPU
		{492BDAA1-A4D8-4879-BC81-70D2BF936683}.Ad-Hoc|Any CPU.ActiveCfg = Release|Any CPU
		{492BDAA1-A4D8-4879-BC81-70D2BF936683}.Ad-Hoc|Any CPU.Build.0 = Release|Any CPU
		{492BDAA1-A4D8-4879-BC81-70D2BF936683}.Ad-Hoc|ARM.ActiveCfg = Release|Any CPU
		{492BDAA1-A4D8-4879-BC81-70D2BF936683}.Ad-Hoc|ARM.Build.0 = Release|Any CPU
		{492BDAA1-A4D8-4879-BC81-70D2BF936683}.Ad-Hoc|iPhone.ActiveCfg = Release|Any CPU
		{492BDAA1-A4D8-4879-BC81-70D2BF936683}.Ad-Hoc|iPhone.Build.0 = Release|Any CPU
		{492BDAA1-A4D8-4879-BC81-70D2BF936683}.Ad-Hoc|iPhoneSimulator.ActiveCfg = Release|Any CPU
		{492BDAA1-A4D8-4879-BC81-70D2BF936683}.Ad-Hoc|iPhoneSimulator.Build.0 = Release|Any CPU
		{492BDAA1-A4D8-4879-BC81-70D2BF936683}.Ad-Hoc|x86.ActiveCfg = Release|Any CPU
		{492BDAA1-A4D8-4879-BC81-70D2BF936683}.Ad-Hoc|x86.Build.0 = Release|Any CPU
		{492BDAA1-A4D8-4879-BC81-70D2BF936683}.AppStore|Any CPU.ActiveCfg = Release|Any CPU
		{492BDAA1-A4D8-4879-BC81-70D2BF936683}.AppStore|Any CPU.Build.0 = Release|Any CPU
		{492BDAA1-A4D8-4879-BC81-70D2BF936683}.AppStore|ARM.ActiveCfg = Release|Any CPU
		{492BDAA1-A4D8-4879-BC81-70D2BF936683}.AppStore|ARM.Build.0 = Release|Any CPU
		{492BDAA1-A4D8-4879-BC81-70D2BF936683}.AppStore|iPhone.ActiveCfg = Release|Any CPU
		{492BDAA1-A4D8-4879-BC81-70D2BF936683}.AppStore|iPhone.Build.0 = Release|Any CPU
		{492BDAA1-A4D8-4879-BC81-70D2BF936683}.AppStore|iPhoneSimulator.ActiveCfg = Release|Any CPU
		{492BDAA1-A4D8-4879-BC81-70D2BF936683}.AppStore|iPhoneSimulator.Build.0 = Release|Any CPU
		{492BDAA1-A4D8-4879-BC81-70D2BF936683}.AppStore|x86.ActiveCfg = Release|Any CPU
		{492BDAA1-A4D8-4879-BC81-70D2BF936683}.AppStore|x86.Build.0 = Release|Any CPU
		{492BDAA1-A4D8-4879-BC81-70D2BF936683}.Debug|Any CPU.ActiveCfg = Debug|Any CPU
		{492BDAA1-A4D8-4879-BC81-70D2BF936683}.Debug|Any CPU.Build.0 = Debug|Any CPU
		{492BDAA1-A4D8-4879-BC81-70D2BF936683}.Debug|ARM.ActiveCfg = Debug|Any CPU
		{492BDAA1-A4D8-4879-BC81-70D2BF936683}.Debug|ARM.Build.0 = Debug|Any CPU
		{492BDAA1-A4D8-4879-BC81-70D2BF936683}.Debug|iPhone.ActiveCfg = Debug|Any CPU
		{492BDAA1-A4D8-4879-BC81-70D2BF936683}.Debug|iPhone.Build.0 = Debug|Any CPU
		{492BDAA1-A4D8-4879-BC81-70D2BF936683}.Debug|iPhoneSimulator.ActiveCfg = Debug|Any CPU
		{492BDAA1-A4D8-4879-BC81-70D2BF936683}.Debug|iPhoneSimulator.Build.0 = Debug|Any CPU
		{492BDAA1-A4D8-4879-BC81-70D2BF936683}.Debug|x86.ActiveCfg = Debug|Any CPU
		{492BDAA1-A4D8-4879-BC81-70D2BF936683}.Debug|x86.Build.0 = Debug|Any CPU
		{492BDAA1-A4D8-4879-BC81-70D2BF936683}.Release|Any CPU.ActiveCfg = Release|Any CPU
		{492BDAA1-A4D8-4879-BC81-70D2BF936683}.Release|Any CPU.Build.0 = Release|Any CPU
		{492BDAA1-A4D8-4879-BC81-70D2BF936683}.Release|ARM.ActiveCfg = Release|Any CPU
		{492BDAA1-A4D8-4879-BC81-70D2BF936683}.Release|ARM.Build.0 = Release|Any CPU
		{492BDAA1-A4D8-4879-BC81-70D2BF936683}.Release|iPhone.ActiveCfg = Release|Any CPU
		{492BDAA1-A4D8-4879-BC81-70D2BF936683}.Release|iPhone.Build.0 = Release|Any CPU
		{492BDAA1-A4D8-4879-BC81-70D2BF936683}.Release|iPhoneSimulator.ActiveCfg = Release|Any CPU
		{492BDAA1-A4D8-4879-BC81-70D2BF936683}.Release|iPhoneSimulator.Build.0 = Release|Any CPU
		{492BDAA1-A4D8-4879-BC81-70D2BF936683}.Release|x86.ActiveCfg = Release|Any CPU
		{492BDAA1-A4D8-4879-BC81-70D2BF936683}.Release|x86.Build.0 = Release|Any CPU
		{C4F1E1BA-B5A0-41DE-AA5A-8F61DBCA568F}.Ad-Hoc|Any CPU.ActiveCfg = Release|Any CPU
		{C4F1E1BA-B5A0-41DE-AA5A-8F61DBCA568F}.Ad-Hoc|Any CPU.Build.0 = Release|Any CPU
		{C4F1E1BA-B5A0-41DE-AA5A-8F61DBCA568F}.Ad-Hoc|ARM.ActiveCfg = Release|Any CPU
		{C4F1E1BA-B5A0-41DE-AA5A-8F61DBCA568F}.Ad-Hoc|ARM.Build.0 = Release|Any CPU
		{C4F1E1BA-B5A0-41DE-AA5A-8F61DBCA568F}.Ad-Hoc|iPhone.ActiveCfg = Release|Any CPU
		{C4F1E1BA-B5A0-41DE-AA5A-8F61DBCA568F}.Ad-Hoc|iPhone.Build.0 = Release|Any CPU
		{C4F1E1BA-B5A0-41DE-AA5A-8F61DBCA568F}.Ad-Hoc|iPhoneSimulator.ActiveCfg = Release|Any CPU
		{C4F1E1BA-B5A0-41DE-AA5A-8F61DBCA568F}.Ad-Hoc|iPhoneSimulator.Build.0 = Release|Any CPU
		{C4F1E1BA-B5A0-41DE-AA5A-8F61DBCA568F}.Ad-Hoc|x86.ActiveCfg = Release|Any CPU
		{C4F1E1BA-B5A0-41DE-AA5A-8F61DBCA568F}.Ad-Hoc|x86.Build.0 = Release|Any CPU
		{C4F1E1BA-B5A0-41DE-AA5A-8F61DBCA568F}.AppStore|Any CPU.ActiveCfg = Release|Any CPU
		{C4F1E1BA-B5A0-41DE-AA5A-8F61DBCA568F}.AppStore|Any CPU.Build.0 = Release|Any CPU
		{C4F1E1BA-B5A0-41DE-AA5A-8F61DBCA568F}.AppStore|ARM.ActiveCfg = Release|Any CPU
		{C4F1E1BA-B5A0-41DE-AA5A-8F61DBCA568F}.AppStore|ARM.Build.0 = Release|Any CPU
		{C4F1E1BA-B5A0-41DE-AA5A-8F61DBCA568F}.AppStore|iPhone.ActiveCfg = Release|Any CPU
		{C4F1E1BA-B5A0-41DE-AA5A-8F61DBCA568F}.AppStore|iPhone.Build.0 = Release|Any CPU
		{C4F1E1BA-B5A0-41DE-AA5A-8F61DBCA568F}.AppStore|iPhoneSimulator.ActiveCfg = Release|Any CPU
		{C4F1E1BA-B5A0-41DE-AA5A-8F61DBCA568F}.AppStore|iPhoneSimulator.Build.0 = Release|Any CPU
		{C4F1E1BA-B5A0-41DE-AA5A-8F61DBCA568F}.AppStore|x86.ActiveCfg = Release|Any CPU
		{C4F1E1BA-B5A0-41DE-AA5A-8F61DBCA568F}.AppStore|x86.Build.0 = Release|Any CPU
		{C4F1E1BA-B5A0-41DE-AA5A-8F61DBCA568F}.Debug|Any CPU.ActiveCfg = Debug|Any CPU
		{C4F1E1BA-B5A0-41DE-AA5A-8F61DBCA568F}.Debug|Any CPU.Build.0 = Debug|Any CPU
		{C4F1E1BA-B5A0-41DE-AA5A-8F61DBCA568F}.Debug|ARM.ActiveCfg = Debug|Any CPU
		{C4F1E1BA-B5A0-41DE-AA5A-8F61DBCA568F}.Debug|ARM.Build.0 = Debug|Any CPU
		{C4F1E1BA-B5A0-41DE-AA5A-8F61DBCA568F}.Debug|iPhone.ActiveCfg = Debug|Any CPU
		{C4F1E1BA-B5A0-41DE-AA5A-8F61DBCA568F}.Debug|iPhone.Build.0 = Debug|Any CPU
		{C4F1E1BA-B5A0-41DE-AA5A-8F61DBCA568F}.Debug|iPhoneSimulator.ActiveCfg = Debug|Any CPU
		{C4F1E1BA-B5A0-41DE-AA5A-8F61DBCA568F}.Debug|iPhoneSimulator.Build.0 = Debug|Any CPU
		{C4F1E1BA-B5A0-41DE-AA5A-8F61DBCA568F}.Debug|x86.ActiveCfg = Debug|Any CPU
		{C4F1E1BA-B5A0-41DE-AA5A-8F61DBCA568F}.Debug|x86.Build.0 = Debug|Any CPU
		{C4F1E1BA-B5A0-41DE-AA5A-8F61DBCA568F}.Release|Any CPU.ActiveCfg = Release|Any CPU
		{C4F1E1BA-B5A0-41DE-AA5A-8F61DBCA568F}.Release|Any CPU.Build.0 = Release|Any CPU
		{C4F1E1BA-B5A0-41DE-AA5A-8F61DBCA568F}.Release|ARM.ActiveCfg = Release|Any CPU
		{C4F1E1BA-B5A0-41DE-AA5A-8F61DBCA568F}.Release|ARM.Build.0 = Release|Any CPU
		{C4F1E1BA-B5A0-41DE-AA5A-8F61DBCA568F}.Release|iPhone.ActiveCfg = Release|Any CPU
		{C4F1E1BA-B5A0-41DE-AA5A-8F61DBCA568F}.Release|iPhone.Build.0 = Release|Any CPU
		{C4F1E1BA-B5A0-41DE-AA5A-8F61DBCA568F}.Release|iPhoneSimulator.ActiveCfg = Release|Any CPU
		{C4F1E1BA-B5A0-41DE-AA5A-8F61DBCA568F}.Release|iPhoneSimulator.Build.0 = Release|Any CPU
		{C4F1E1BA-B5A0-41DE-AA5A-8F61DBCA568F}.Release|x86.ActiveCfg = Release|Any CPU
		{C4F1E1BA-B5A0-41DE-AA5A-8F61DBCA568F}.Release|x86.Build.0 = Release|Any CPU
		{C2813979-D19A-4499-8484-068E8D6C51D3}.Ad-Hoc|Any CPU.ActiveCfg = Release|Any CPU
		{C2813979-D19A-4499-8484-068E8D6C51D3}.Ad-Hoc|Any CPU.Build.0 = Release|Any CPU
		{C2813979-D19A-4499-8484-068E8D6C51D3}.Ad-Hoc|ARM.ActiveCfg = Release|Any CPU
		{C2813979-D19A-4499-8484-068E8D6C51D3}.Ad-Hoc|ARM.Build.0 = Release|Any CPU
		{C2813979-D19A-4499-8484-068E8D6C51D3}.Ad-Hoc|iPhone.ActiveCfg = Release|Any CPU
		{C2813979-D19A-4499-8484-068E8D6C51D3}.Ad-Hoc|iPhone.Build.0 = Release|Any CPU
		{C2813979-D19A-4499-8484-068E8D6C51D3}.Ad-Hoc|iPhoneSimulator.ActiveCfg = Release|Any CPU
		{C2813979-D19A-4499-8484-068E8D6C51D3}.Ad-Hoc|iPhoneSimulator.Build.0 = Release|Any CPU
		{C2813979-D19A-4499-8484-068E8D6C51D3}.Ad-Hoc|x86.ActiveCfg = Release|Any CPU
		{C2813979-D19A-4499-8484-068E8D6C51D3}.Ad-Hoc|x86.Build.0 = Release|Any CPU
		{C2813979-D19A-4499-8484-068E8D6C51D3}.AppStore|Any CPU.ActiveCfg = Release|Any CPU
		{C2813979-D19A-4499-8484-068E8D6C51D3}.AppStore|Any CPU.Build.0 = Release|Any CPU
		{C2813979-D19A-4499-8484-068E8D6C51D3}.AppStore|ARM.ActiveCfg = Release|Any CPU
		{C2813979-D19A-4499-8484-068E8D6C51D3}.AppStore|ARM.Build.0 = Release|Any CPU
		{C2813979-D19A-4499-8484-068E8D6C51D3}.AppStore|iPhone.ActiveCfg = Release|Any CPU
		{C2813979-D19A-4499-8484-068E8D6C51D3}.AppStore|iPhone.Build.0 = Release|Any CPU
		{C2813979-D19A-4499-8484-068E8D6C51D3}.AppStore|iPhoneSimulator.ActiveCfg = Release|Any CPU
		{C2813979-D19A-4499-8484-068E8D6C51D3}.AppStore|iPhoneSimulator.Build.0 = Release|Any CPU
		{C2813979-D19A-4499-8484-068E8D6C51D3}.AppStore|x86.ActiveCfg = Release|Any CPU
		{C2813979-D19A-4499-8484-068E8D6C51D3}.AppStore|x86.Build.0 = Release|Any CPU
		{C2813979-D19A-4499-8484-068E8D6C51D3}.Debug|Any CPU.ActiveCfg = Debug|Any CPU
		{C2813979-D19A-4499-8484-068E8D6C51D3}.Debug|Any CPU.Build.0 = Debug|Any CPU
		{C2813979-D19A-4499-8484-068E8D6C51D3}.Debug|ARM.ActiveCfg = Debug|Any CPU
		{C2813979-D19A-4499-8484-068E8D6C51D3}.Debug|ARM.Build.0 = Debug|Any CPU
		{C2813979-D19A-4499-8484-068E8D6C51D3}.Debug|iPhone.ActiveCfg = Debug|Any CPU
		{C2813979-D19A-4499-8484-068E8D6C51D3}.Debug|iPhone.Build.0 = Debug|Any CPU
		{C2813979-D19A-4499-8484-068E8D6C51D3}.Debug|iPhoneSimulator.ActiveCfg = Debug|Any CPU
		{C2813979-D19A-4499-8484-068E8D6C51D3}.Debug|iPhoneSimulator.Build.0 = Debug|Any CPU
		{C2813979-D19A-4499-8484-068E8D6C51D3}.Debug|x86.ActiveCfg = Debug|Any CPU
		{C2813979-D19A-4499-8484-068E8D6C51D3}.Debug|x86.Build.0 = Debug|Any CPU
		{C2813979-D19A-4499-8484-068E8D6C51D3}.Release|Any CPU.ActiveCfg = Release|Any CPU
		{C2813979-D19A-4499-8484-068E8D6C51D3}.Release|Any CPU.Build.0 = Release|Any CPU
		{C2813979-D19A-4499-8484-068E8D6C51D3}.Release|ARM.ActiveCfg = Release|Any CPU
		{C2813979-D19A-4499-8484-068E8D6C51D3}.Release|ARM.Build.0 = Release|Any CPU
		{C2813979-D19A-4499-8484-068E8D6C51D3}.Release|iPhone.ActiveCfg = Release|Any CPU
		{C2813979-D19A-4499-8484-068E8D6C51D3}.Release|iPhone.Build.0 = Release|Any CPU
		{C2813979-D19A-4499-8484-068E8D6C51D3}.Release|iPhoneSimulator.ActiveCfg = Release|Any CPU
		{C2813979-D19A-4499-8484-068E8D6C51D3}.Release|iPhoneSimulator.Build.0 = Release|Any CPU
		{C2813979-D19A-4499-8484-068E8D6C51D3}.Release|x86.ActiveCfg = Release|Any CPU
		{C2813979-D19A-4499-8484-068E8D6C51D3}.Release|x86.Build.0 = Release|Any CPU
		{614D3CB9-3B04-4B55-9C42-AC19BC541D05}.Ad-Hoc|Any CPU.ActiveCfg = Release|Any CPU
		{614D3CB9-3B04-4B55-9C42-AC19BC541D05}.Ad-Hoc|Any CPU.Build.0 = Release|Any CPU
		{614D3CB9-3B04-4B55-9C42-AC19BC541D05}.Ad-Hoc|ARM.ActiveCfg = Release|Any CPU
		{614D3CB9-3B04-4B55-9C42-AC19BC541D05}.Ad-Hoc|ARM.Build.0 = Release|Any CPU
		{614D3CB9-3B04-4B55-9C42-AC19BC541D05}.Ad-Hoc|iPhone.ActiveCfg = Release|Any CPU
		{614D3CB9-3B04-4B55-9C42-AC19BC541D05}.Ad-Hoc|iPhone.Build.0 = Release|Any CPU
		{614D3CB9-3B04-4B55-9C42-AC19BC541D05}.Ad-Hoc|iPhoneSimulator.ActiveCfg = Release|Any CPU
		{614D3CB9-3B04-4B55-9C42-AC19BC541D05}.Ad-Hoc|iPhoneSimulator.Build.0 = Release|Any CPU
		{614D3CB9-3B04-4B55-9C42-AC19BC541D05}.Ad-Hoc|x86.ActiveCfg = Release|Any CPU
		{614D3CB9-3B04-4B55-9C42-AC19BC541D05}.Ad-Hoc|x86.Build.0 = Release|Any CPU
		{614D3CB9-3B04-4B55-9C42-AC19BC541D05}.AppStore|Any CPU.ActiveCfg = Release|Any CPU
		{614D3CB9-3B04-4B55-9C42-AC19BC541D05}.AppStore|Any CPU.Build.0 = Release|Any CPU
		{614D3CB9-3B04-4B55-9C42-AC19BC541D05}.AppStore|ARM.ActiveCfg = Release|Any CPU
		{614D3CB9-3B04-4B55-9C42-AC19BC541D05}.AppStore|ARM.Build.0 = Release|Any CPU
		{614D3CB9-3B04-4B55-9C42-AC19BC541D05}.AppStore|iPhone.ActiveCfg = Release|Any CPU
		{614D3CB9-3B04-4B55-9C42-AC19BC541D05}.AppStore|iPhone.Build.0 = Release|Any CPU
		{614D3CB9-3B04-4B55-9C42-AC19BC541D05}.AppStore|iPhoneSimulator.ActiveCfg = Release|Any CPU
		{614D3CB9-3B04-4B55-9C42-AC19BC541D05}.AppStore|iPhoneSimulator.Build.0 = Release|Any CPU
		{614D3CB9-3B04-4B55-9C42-AC19BC541D05}.AppStore|x86.ActiveCfg = Release|Any CPU
		{614D3CB9-3B04-4B55-9C42-AC19BC541D05}.AppStore|x86.Build.0 = Release|Any CPU
		{614D3CB9-3B04-4B55-9C42-AC19BC541D05}.Debug|Any CPU.ActiveCfg = Debug|Any CPU
		{614D3CB9-3B04-4B55-9C42-AC19BC541D05}.Debug|Any CPU.Build.0 = Debug|Any CPU
		{614D3CB9-3B04-4B55-9C42-AC19BC541D05}.Debug|ARM.ActiveCfg = Debug|Any CPU
		{614D3CB9-3B04-4B55-9C42-AC19BC541D05}.Debug|ARM.Build.0 = Debug|Any CPU
		{614D3CB9-3B04-4B55-9C42-AC19BC541D05}.Debug|iPhone.ActiveCfg = Debug|Any CPU
		{614D3CB9-3B04-4B55-9C42-AC19BC541D05}.Debug|iPhone.Build.0 = Debug|Any CPU
		{614D3CB9-3B04-4B55-9C42-AC19BC541D05}.Debug|iPhoneSimulator.ActiveCfg = Debug|Any CPU
		{614D3CB9-3B04-4B55-9C42-AC19BC541D05}.Debug|iPhoneSimulator.Build.0 = Debug|Any CPU
		{614D3CB9-3B04-4B55-9C42-AC19BC541D05}.Debug|x86.ActiveCfg = Debug|Any CPU
		{614D3CB9-3B04-4B55-9C42-AC19BC541D05}.Debug|x86.Build.0 = Debug|Any CPU
		{614D3CB9-3B04-4B55-9C42-AC19BC541D05}.Release|Any CPU.ActiveCfg = Release|Any CPU
		{614D3CB9-3B04-4B55-9C42-AC19BC541D05}.Release|Any CPU.Build.0 = Release|Any CPU
		{614D3CB9-3B04-4B55-9C42-AC19BC541D05}.Release|ARM.ActiveCfg = Release|Any CPU
		{614D3CB9-3B04-4B55-9C42-AC19BC541D05}.Release|ARM.Build.0 = Release|Any CPU
		{614D3CB9-3B04-4B55-9C42-AC19BC541D05}.Release|iPhone.ActiveCfg = Release|Any CPU
		{614D3CB9-3B04-4B55-9C42-AC19BC541D05}.Release|iPhone.Build.0 = Release|Any CPU
		{614D3CB9-3B04-4B55-9C42-AC19BC541D05}.Release|iPhoneSimulator.ActiveCfg = Release|Any CPU
		{614D3CB9-3B04-4B55-9C42-AC19BC541D05}.Release|iPhoneSimulator.Build.0 = Release|Any CPU
		{614D3CB9-3B04-4B55-9C42-AC19BC541D05}.Release|x86.ActiveCfg = Release|Any CPU
		{614D3CB9-3B04-4B55-9C42-AC19BC541D05}.Release|x86.Build.0 = Release|Any CPU
		{F7276D51-4940-4AEE-9E97-FCFB148D4860}.Ad-Hoc|Any CPU.ActiveCfg = Release|Any CPU
		{F7276D51-4940-4AEE-9E97-FCFB148D4860}.Ad-Hoc|Any CPU.Build.0 = Release|Any CPU
		{F7276D51-4940-4AEE-9E97-FCFB148D4860}.Ad-Hoc|Any CPU.Deploy.0 = Release|Any CPU
		{F7276D51-4940-4AEE-9E97-FCFB148D4860}.Ad-Hoc|ARM.ActiveCfg = Release|Any CPU
		{F7276D51-4940-4AEE-9E97-FCFB148D4860}.Ad-Hoc|ARM.Build.0 = Release|Any CPU
		{F7276D51-4940-4AEE-9E97-FCFB148D4860}.Ad-Hoc|ARM.Deploy.0 = Release|Any CPU
		{F7276D51-4940-4AEE-9E97-FCFB148D4860}.Ad-Hoc|iPhone.ActiveCfg = Release|Any CPU
		{F7276D51-4940-4AEE-9E97-FCFB148D4860}.Ad-Hoc|iPhone.Build.0 = Release|Any CPU
		{F7276D51-4940-4AEE-9E97-FCFB148D4860}.Ad-Hoc|iPhone.Deploy.0 = Release|Any CPU
		{F7276D51-4940-4AEE-9E97-FCFB148D4860}.Ad-Hoc|iPhoneSimulator.ActiveCfg = Release|Any CPU
		{F7276D51-4940-4AEE-9E97-FCFB148D4860}.Ad-Hoc|iPhoneSimulator.Build.0 = Release|Any CPU
		{F7276D51-4940-4AEE-9E97-FCFB148D4860}.Ad-Hoc|iPhoneSimulator.Deploy.0 = Release|Any CPU
		{F7276D51-4940-4AEE-9E97-FCFB148D4860}.Ad-Hoc|x86.ActiveCfg = Release|Any CPU
		{F7276D51-4940-4AEE-9E97-FCFB148D4860}.Ad-Hoc|x86.Build.0 = Release|Any CPU
		{F7276D51-4940-4AEE-9E97-FCFB148D4860}.Ad-Hoc|x86.Deploy.0 = Release|Any CPU
		{F7276D51-4940-4AEE-9E97-FCFB148D4860}.AppStore|Any CPU.ActiveCfg = Release|Any CPU
		{F7276D51-4940-4AEE-9E97-FCFB148D4860}.AppStore|Any CPU.Build.0 = Release|Any CPU
		{F7276D51-4940-4AEE-9E97-FCFB148D4860}.AppStore|Any CPU.Deploy.0 = Release|Any CPU
		{F7276D51-4940-4AEE-9E97-FCFB148D4860}.AppStore|ARM.ActiveCfg = Release|Any CPU
		{F7276D51-4940-4AEE-9E97-FCFB148D4860}.AppStore|ARM.Build.0 = Release|Any CPU
		{F7276D51-4940-4AEE-9E97-FCFB148D4860}.AppStore|ARM.Deploy.0 = Release|Any CPU
		{F7276D51-4940-4AEE-9E97-FCFB148D4860}.AppStore|iPhone.ActiveCfg = Release|Any CPU
		{F7276D51-4940-4AEE-9E97-FCFB148D4860}.AppStore|iPhone.Build.0 = Release|Any CPU
		{F7276D51-4940-4AEE-9E97-FCFB148D4860}.AppStore|iPhone.Deploy.0 = Release|Any CPU
		{F7276D51-4940-4AEE-9E97-FCFB148D4860}.AppStore|iPhoneSimulator.ActiveCfg = Release|Any CPU
		{F7276D51-4940-4AEE-9E97-FCFB148D4860}.AppStore|iPhoneSimulator.Build.0 = Release|Any CPU
		{F7276D51-4940-4AEE-9E97-FCFB148D4860}.AppStore|iPhoneSimulator.Deploy.0 = Release|Any CPU
		{F7276D51-4940-4AEE-9E97-FCFB148D4860}.AppStore|x86.ActiveCfg = Release|Any CPU
		{F7276D51-4940-4AEE-9E97-FCFB148D4860}.AppStore|x86.Build.0 = Release|Any CPU
		{F7276D51-4940-4AEE-9E97-FCFB148D4860}.AppStore|x86.Deploy.0 = Release|Any CPU
		{F7276D51-4940-4AEE-9E97-FCFB148D4860}.Debug|Any CPU.ActiveCfg = Debug|Any CPU
		{F7276D51-4940-4AEE-9E97-FCFB148D4860}.Debug|Any CPU.Build.0 = Debug|Any CPU
		{F7276D51-4940-4AEE-9E97-FCFB148D4860}.Debug|Any CPU.Deploy.0 = Debug|Any CPU
		{F7276D51-4940-4AEE-9E97-FCFB148D4860}.Debug|ARM.ActiveCfg = Debug|Any CPU
		{F7276D51-4940-4AEE-9E97-FCFB148D4860}.Debug|ARM.Build.0 = Debug|Any CPU
		{F7276D51-4940-4AEE-9E97-FCFB148D4860}.Debug|ARM.Deploy.0 = Debug|Any CPU
		{F7276D51-4940-4AEE-9E97-FCFB148D4860}.Debug|iPhone.ActiveCfg = Debug|Any CPU
		{F7276D51-4940-4AEE-9E97-FCFB148D4860}.Debug|iPhone.Build.0 = Debug|Any CPU
		{F7276D51-4940-4AEE-9E97-FCFB148D4860}.Debug|iPhone.Deploy.0 = Debug|Any CPU
		{F7276D51-4940-4AEE-9E97-FCFB148D4860}.Debug|iPhoneSimulator.ActiveCfg = Debug|Any CPU
		{F7276D51-4940-4AEE-9E97-FCFB148D4860}.Debug|iPhoneSimulator.Build.0 = Debug|Any CPU
		{F7276D51-4940-4AEE-9E97-FCFB148D4860}.Debug|iPhoneSimulator.Deploy.0 = Debug|Any CPU
		{F7276D51-4940-4AEE-9E97-FCFB148D4860}.Debug|x86.ActiveCfg = Debug|Any CPU
		{F7276D51-4940-4AEE-9E97-FCFB148D4860}.Debug|x86.Build.0 = Debug|Any CPU
		{F7276D51-4940-4AEE-9E97-FCFB148D4860}.Debug|x86.Deploy.0 = Debug|Any CPU
		{F7276D51-4940-4AEE-9E97-FCFB148D4860}.Release|Any CPU.ActiveCfg = Release|Any CPU
		{F7276D51-4940-4AEE-9E97-FCFB148D4860}.Release|Any CPU.Build.0 = Release|Any CPU
		{F7276D51-4940-4AEE-9E97-FCFB148D4860}.Release|Any CPU.Deploy.0 = Release|Any CPU
		{F7276D51-4940-4AEE-9E97-FCFB148D4860}.Release|ARM.ActiveCfg = Release|Any CPU
		{F7276D51-4940-4AEE-9E97-FCFB148D4860}.Release|ARM.Build.0 = Release|Any CPU
		{F7276D51-4940-4AEE-9E97-FCFB148D4860}.Release|ARM.Deploy.0 = Release|Any CPU
		{F7276D51-4940-4AEE-9E97-FCFB148D4860}.Release|iPhone.ActiveCfg = Release|Any CPU
		{F7276D51-4940-4AEE-9E97-FCFB148D4860}.Release|iPhone.Build.0 = Release|Any CPU
		{F7276D51-4940-4AEE-9E97-FCFB148D4860}.Release|iPhone.Deploy.0 = Release|Any CPU
		{F7276D51-4940-4AEE-9E97-FCFB148D4860}.Release|iPhoneSimulator.ActiveCfg = Release|Any CPU
		{F7276D51-4940-4AEE-9E97-FCFB148D4860}.Release|iPhoneSimulator.Build.0 = Release|Any CPU
		{F7276D51-4940-4AEE-9E97-FCFB148D4860}.Release|iPhoneSimulator.Deploy.0 = Release|Any CPU
		{F7276D51-4940-4AEE-9E97-FCFB148D4860}.Release|x86.ActiveCfg = Release|Any CPU
		{F7276D51-4940-4AEE-9E97-FCFB148D4860}.Release|x86.Build.0 = Release|Any CPU
		{F7276D51-4940-4AEE-9E97-FCFB148D4860}.Release|x86.Deploy.0 = Release|Any CPU
		{40429830-290B-42A8-A1DA-CE33A16875D9}.Ad-Hoc|Any CPU.ActiveCfg = Ad-Hoc|iPhone
		{40429830-290B-42A8-A1DA-CE33A16875D9}.Ad-Hoc|ARM.ActiveCfg = Ad-Hoc|iPhone
		{40429830-290B-42A8-A1DA-CE33A16875D9}.Ad-Hoc|iPhone.ActiveCfg = Ad-Hoc|iPhone
		{40429830-290B-42A8-A1DA-CE33A16875D9}.Ad-Hoc|iPhone.Build.0 = Ad-Hoc|iPhone
		{40429830-290B-42A8-A1DA-CE33A16875D9}.Ad-Hoc|iPhoneSimulator.ActiveCfg = Ad-Hoc|iPhoneSimulator
		{40429830-290B-42A8-A1DA-CE33A16875D9}.Ad-Hoc|iPhoneSimulator.Build.0 = Ad-Hoc|iPhoneSimulator
		{40429830-290B-42A8-A1DA-CE33A16875D9}.Ad-Hoc|x86.ActiveCfg = Ad-Hoc|iPhone
		{40429830-290B-42A8-A1DA-CE33A16875D9}.AppStore|Any CPU.ActiveCfg = AppStore|iPhone
		{40429830-290B-42A8-A1DA-CE33A16875D9}.AppStore|ARM.ActiveCfg = AppStore|iPhone
		{40429830-290B-42A8-A1DA-CE33A16875D9}.AppStore|iPhone.ActiveCfg = AppStore|iPhone
		{40429830-290B-42A8-A1DA-CE33A16875D9}.AppStore|iPhone.Build.0 = AppStore|iPhone
		{40429830-290B-42A8-A1DA-CE33A16875D9}.AppStore|iPhoneSimulator.ActiveCfg = AppStore|iPhoneSimulator
		{40429830-290B-42A8-A1DA-CE33A16875D9}.AppStore|iPhoneSimulator.Build.0 = AppStore|iPhoneSimulator
		{40429830-290B-42A8-A1DA-CE33A16875D9}.AppStore|x86.ActiveCfg = AppStore|iPhone
		{40429830-290B-42A8-A1DA-CE33A16875D9}.Debug|Any CPU.ActiveCfg = Debug|iPhone
		{40429830-290B-42A8-A1DA-CE33A16875D9}.Debug|ARM.ActiveCfg = Debug|iPhone
		{40429830-290B-42A8-A1DA-CE33A16875D9}.Debug|iPhone.ActiveCfg = Debug|iPhone
		{40429830-290B-42A8-A1DA-CE33A16875D9}.Debug|iPhone.Build.0 = Debug|iPhone
		{40429830-290B-42A8-A1DA-CE33A16875D9}.Debug|iPhoneSimulator.ActiveCfg = Debug|iPhoneSimulator
		{40429830-290B-42A8-A1DA-CE33A16875D9}.Debug|iPhoneSimulator.Build.0 = Debug|iPhoneSimulator
		{40429830-290B-42A8-A1DA-CE33A16875D9}.Debug|x86.ActiveCfg = Debug|iPhone
		{40429830-290B-42A8-A1DA-CE33A16875D9}.Release|Any CPU.ActiveCfg = Release|iPhone
		{40429830-290B-42A8-A1DA-CE33A16875D9}.Release|ARM.ActiveCfg = Release|iPhone
		{40429830-290B-42A8-A1DA-CE33A16875D9}.Release|iPhone.ActiveCfg = Release|iPhone
		{40429830-290B-42A8-A1DA-CE33A16875D9}.Release|iPhone.Build.0 = Release|iPhone
		{40429830-290B-42A8-A1DA-CE33A16875D9}.Release|iPhoneSimulator.ActiveCfg = Release|iPhoneSimulator
		{40429830-290B-42A8-A1DA-CE33A16875D9}.Release|iPhoneSimulator.Build.0 = Release|iPhoneSimulator
		{40429830-290B-42A8-A1DA-CE33A16875D9}.Release|x86.ActiveCfg = Release|iPhone
		{C0379C36-5831-44F9-918E-81D749139CAF}.Ad-Hoc|Any CPU.ActiveCfg = Release|Any CPU
		{C0379C36-5831-44F9-918E-81D749139CAF}.Ad-Hoc|Any CPU.Build.0 = Release|Any CPU
		{C0379C36-5831-44F9-918E-81D749139CAF}.Ad-Hoc|Any CPU.Deploy.0 = Release|Any CPU
		{C0379C36-5831-44F9-918E-81D749139CAF}.Ad-Hoc|ARM.ActiveCfg = Release|ARM
		{C0379C36-5831-44F9-918E-81D749139CAF}.Ad-Hoc|ARM.Build.0 = Release|ARM
		{C0379C36-5831-44F9-918E-81D749139CAF}.Ad-Hoc|ARM.Deploy.0 = Release|ARM
		{C0379C36-5831-44F9-918E-81D749139CAF}.Ad-Hoc|iPhone.ActiveCfg = Release|Any CPU
		{C0379C36-5831-44F9-918E-81D749139CAF}.Ad-Hoc|iPhone.Build.0 = Release|Any CPU
		{C0379C36-5831-44F9-918E-81D749139CAF}.Ad-Hoc|iPhone.Deploy.0 = Release|Any CPU
		{C0379C36-5831-44F9-918E-81D749139CAF}.Ad-Hoc|iPhoneSimulator.ActiveCfg = Release|Any CPU
		{C0379C36-5831-44F9-918E-81D749139CAF}.Ad-Hoc|iPhoneSimulator.Build.0 = Release|Any CPU
		{C0379C36-5831-44F9-918E-81D749139CAF}.Ad-Hoc|iPhoneSimulator.Deploy.0 = Release|Any CPU
		{C0379C36-5831-44F9-918E-81D749139CAF}.Ad-Hoc|x86.ActiveCfg = Release|x86
		{C0379C36-5831-44F9-918E-81D749139CAF}.Ad-Hoc|x86.Build.0 = Release|x86
		{C0379C36-5831-44F9-918E-81D749139CAF}.Ad-Hoc|x86.Deploy.0 = Release|x86
		{C0379C36-5831-44F9-918E-81D749139CAF}.AppStore|Any CPU.ActiveCfg = Release|Any CPU
		{C0379C36-5831-44F9-918E-81D749139CAF}.AppStore|Any CPU.Build.0 = Release|Any CPU
		{C0379C36-5831-44F9-918E-81D749139CAF}.AppStore|Any CPU.Deploy.0 = Release|Any CPU
		{C0379C36-5831-44F9-918E-81D749139CAF}.AppStore|ARM.ActiveCfg = Release|ARM
		{C0379C36-5831-44F9-918E-81D749139CAF}.AppStore|ARM.Build.0 = Release|ARM
		{C0379C36-5831-44F9-918E-81D749139CAF}.AppStore|ARM.Deploy.0 = Release|ARM
		{C0379C36-5831-44F9-918E-81D749139CAF}.AppStore|iPhone.ActiveCfg = Release|Any CPU
		{C0379C36-5831-44F9-918E-81D749139CAF}.AppStore|iPhone.Build.0 = Release|Any CPU
		{C0379C36-5831-44F9-918E-81D749139CAF}.AppStore|iPhone.Deploy.0 = Release|Any CPU
		{C0379C36-5831-44F9-918E-81D749139CAF}.AppStore|iPhoneSimulator.ActiveCfg = Release|Any CPU
		{C0379C36-5831-44F9-918E-81D749139CAF}.AppStore|iPhoneSimulator.Build.0 = Release|Any CPU
		{C0379C36-5831-44F9-918E-81D749139CAF}.AppStore|iPhoneSimulator.Deploy.0 = Release|Any CPU
		{C0379C36-5831-44F9-918E-81D749139CAF}.AppStore|x86.ActiveCfg = Release|x86
		{C0379C36-5831-44F9-918E-81D749139CAF}.AppStore|x86.Build.0 = Release|x86
		{C0379C36-5831-44F9-918E-81D749139CAF}.AppStore|x86.Deploy.0 = Release|x86
		{C0379C36-5831-44F9-918E-81D749139CAF}.Debug|Any CPU.ActiveCfg = Debug|Any CPU
		{C0379C36-5831-44F9-918E-81D749139CAF}.Debug|Any CPU.Build.0 = Debug|Any CPU
		{C0379C36-5831-44F9-918E-81D749139CAF}.Debug|Any CPU.Deploy.0 = Debug|Any CPU
		{C0379C36-5831-44F9-918E-81D749139CAF}.Debug|ARM.ActiveCfg = Debug|ARM
		{C0379C36-5831-44F9-918E-81D749139CAF}.Debug|ARM.Build.0 = Debug|ARM
		{C0379C36-5831-44F9-918E-81D749139CAF}.Debug|ARM.Deploy.0 = Debug|ARM
		{C0379C36-5831-44F9-918E-81D749139CAF}.Debug|iPhone.ActiveCfg = Debug|Any CPU
		{C0379C36-5831-44F9-918E-81D749139CAF}.Debug|iPhone.Build.0 = Debug|Any CPU
		{C0379C36-5831-44F9-918E-81D749139CAF}.Debug|iPhone.Deploy.0 = Debug|Any CPU
		{C0379C36-5831-44F9-918E-81D749139CAF}.Debug|iPhoneSimulator.ActiveCfg = Debug|Any CPU
		{C0379C36-5831-44F9-918E-81D749139CAF}.Debug|iPhoneSimulator.Build.0 = Debug|Any CPU
		{C0379C36-5831-44F9-918E-81D749139CAF}.Debug|iPhoneSimulator.Deploy.0 = Debug|Any CPU
		{C0379C36-5831-44F9-918E-81D749139CAF}.Debug|x86.ActiveCfg = Debug|x86
		{C0379C36-5831-44F9-918E-81D749139CAF}.Debug|x86.Build.0 = Debug|x86
		{C0379C36-5831-44F9-918E-81D749139CAF}.Debug|x86.Deploy.0 = Debug|x86
		{C0379C36-5831-44F9-918E-81D749139CAF}.Release|Any CPU.ActiveCfg = Release|Any CPU
		{C0379C36-5831-44F9-918E-81D749139CAF}.Release|Any CPU.Build.0 = Release|Any CPU
		{C0379C36-5831-44F9-918E-81D749139CAF}.Release|Any CPU.Deploy.0 = Release|Any CPU
		{C0379C36-5831-44F9-918E-81D749139CAF}.Release|ARM.ActiveCfg = Release|ARM
		{C0379C36-5831-44F9-918E-81D749139CAF}.Release|ARM.Build.0 = Release|ARM
		{C0379C36-5831-44F9-918E-81D749139CAF}.Release|ARM.Deploy.0 = Release|ARM
		{C0379C36-5831-44F9-918E-81D749139CAF}.Release|iPhone.ActiveCfg = Release|Any CPU
		{C0379C36-5831-44F9-918E-81D749139CAF}.Release|iPhone.Build.0 = Release|Any CPU
		{C0379C36-5831-44F9-918E-81D749139CAF}.Release|iPhone.Deploy.0 = Release|Any CPU
		{C0379C36-5831-44F9-918E-81D749139CAF}.Release|iPhoneSimulator.ActiveCfg = Release|Any CPU
		{C0379C36-5831-44F9-918E-81D749139CAF}.Release|iPhoneSimulator.Build.0 = Release|Any CPU
		{C0379C36-5831-44F9-918E-81D749139CAF}.Release|iPhoneSimulator.Deploy.0 = Release|Any CPU
		{C0379C36-5831-44F9-918E-81D749139CAF}.Release|x86.ActiveCfg = Release|x86
		{C0379C36-5831-44F9-918E-81D749139CAF}.Release|x86.Build.0 = Release|x86
		{C0379C36-5831-44F9-918E-81D749139CAF}.Release|x86.Deploy.0 = Release|x86
	EndGlobalSection
	GlobalSection(SolutionProperties) = preSolution
		HideSolutionNode = FALSE
	EndGlobalSection
	GlobalSection(NestedProjects) = preSolution
		{7E6FFEA4-4B0B-4D8A-A5D3-F9B3754176CE} = {585A4084-0A05-447C-A75F-DE1EC19F3E97}
		{D89450AE-4420-4747-BCA0-E6C2C419C215} = {DA1AF840-034F-47A2-B50E-53F12942A0A7}
		{A7DAA50A-8F73-4CB7-80DC-DEA68C0E2730} = {DA1AF840-034F-47A2-B50E-53F12942A0A7}
		{2655A00A-AB71-4EC5-BBA8-B1EFEBB2863B} = {DA1AF840-034F-47A2-B50E-53F12942A0A7}
		{48BF557D-0160-433E-B049-8BA752E2451F} = {B084B1A7-B695-46B2-8890-8D3315F53EC0}
		{3DD80431-E862-4EAD-864B-8C468CB07D88} = {B084B1A7-B695-46B2-8890-8D3315F53EC0}
		{8869155F-BCF6-460C-8E05-67F77B2778EE} = {537A4F6D-3D81-4F84-83EF-8836FD80284E}
		{A1D7547A-11C9-45A9-8379-378F646EA309} = {537A4F6D-3D81-4F84-83EF-8836FD80284E}
		{E02D7577-AD7B-42DF-B38B-96D41919260D} = {537A4F6D-3D81-4F84-83EF-8836FD80284E}
		{F5411A3D-8121-4CD0-A1FF-D6548735291E} = {893E82F4-2101-4238-A29A-16D8E08FA2FA}
		{666CC2B7-1DDC-45A6-8FF2-EC3BACD62CCB} = {893E82F4-2101-4238-A29A-16D8E08FA2FA}
		{492BDAA1-A4D8-4879-BC81-70D2BF936683} = {893E82F4-2101-4238-A29A-16D8E08FA2FA}
		{C4F1E1BA-B5A0-41DE-AA5A-8F61DBCA568F} = {893E82F4-2101-4238-A29A-16D8E08FA2FA}
		{C2813979-D19A-4499-8484-068E8D6C51D3} = {585A4084-0A05-447C-A75F-DE1EC19F3E97}
		{8B8C5465-574F-457F-85EB-DFDB210E1F67} = {893E82F4-2101-4238-A29A-16D8E08FA2FA}
		{614D3CB9-3B04-4B55-9C42-AC19BC541D05} = {8B8C5465-574F-457F-85EB-DFDB210E1F67}
		{F7276D51-4940-4AEE-9E97-FCFB148D4860} = {8B8C5465-574F-457F-85EB-DFDB210E1F67}
		{40429830-290B-42A8-A1DA-CE33A16875D9} = {8B8C5465-574F-457F-85EB-DFDB210E1F67}
		{C0379C36-5831-44F9-918E-81D749139CAF} = {8B8C5465-574F-457F-85EB-DFDB210E1F67}
	EndGlobalSection
EndGlobal
