
Microsoft Visual Studio Solution File, Format Version 12.00
# Visual Studio 14
VisualStudioVersion = 14.0.23107.0
MinimumVisualStudioVersion = 10.0.40219.1
Project("{FAE04EC0-301F-11D3-BF4B-00C04F79EFBC}") = "BoardGame.Domain", "BoardGame.Domain\BoardGame.Domain.csproj", "{A1D7547A-11C9-45A9-8379-378F646EA309}"
EndProject
Project("{2150E333-8FDC-42A3-9474-1A3956D46DE8}") = "Core", "Core", "{537A4F6D-3D81-4F84-83EF-8836FD80284E}"
EndProject
Project("{2150E333-8FDC-42A3-9474-1A3956D46DE8}") = "Client", "Client", "{893E82F4-2101-4238-A29A-16D8E08FA2FA}"
EndProject
Project("{2150E333-8FDC-42A3-9474-1A3956D46DE8}") = "Infrastructure", "Infrastructure", "{B084B1A7-B695-46B2-8890-8D3315F53EC0}"
EndProject
Project("{2150E333-8FDC-42A3-9474-1A3956D46DE8}") = "Tests", "Tests", "{585A4084-0A05-447C-A75F-DE1EC19F3E97}"
EndProject
Project("{FAE04EC0-301F-11D3-BF4B-00C04F79EFBC}") = "BoardGame.Client.Connect4.WinForms", "BoardGame.Client.Connect4.WinForms\BoardGame.Client.Connect4.WinForms.csproj", "{F5411A3D-8121-4CD0-A1FF-D6548735291E}"
EndProject
Project("{FAE04EC0-301F-11D3-BF4B-00C04F79EFBC}") = "BoardGame.Tests", "BoardGame.Tests\BoardGame.Tests.csproj", "{7E6FFEA4-4B0B-4D8A-A5D3-F9B3754176CE}"
EndProject
Global
	GlobalSection(SolutionConfigurationPlatforms) = preSolution
		Debug|Any CPU = Debug|Any CPU
		Release|Any CPU = Release|Any CPU
	EndGlobalSection
	GlobalSection(ProjectConfigurationPlatforms) = postSolution
		{A1D7547A-11C9-45A9-8379-378F646EA309}.Debug|Any CPU.ActiveCfg = Debug|Any CPU
		{A1D7547A-11C9-45A9-8379-378F646EA309}.Debug|Any CPU.Build.0 = Debug|Any CPU
		{A1D7547A-11C9-45A9-8379-378F646EA309}.Release|Any CPU.ActiveCfg = Release|Any CPU
		{A1D7547A-11C9-45A9-8379-378F646EA309}.Release|Any CPU.Build.0 = Release|Any CPU
		{F5411A3D-8121-4CD0-A1FF-D6548735291E}.Debug|Any CPU.ActiveCfg = Debug|Any CPU
		{F5411A3D-8121-4CD0-A1FF-D6548735291E}.Debug|Any CPU.Build.0 = Debug|Any CPU
		{F5411A3D-8121-4CD0-A1FF-D6548735291E}.Release|Any CPU.ActiveCfg = Release|Any CPU
		{F5411A3D-8121-4CD0-A1FF-D6548735291E}.Release|Any CPU.Build.0 = Release|Any CPU
		{7E6FFEA4-4B0B-4D8A-A5D3-F9B3754176CE}.Debug|Any CPU.ActiveCfg = Debug|Any CPU
		{7E6FFEA4-4B0B-4D8A-A5D3-F9B3754176CE}.Debug|Any CPU.Build.0 = Debug|Any CPU
		{7E6FFEA4-4B0B-4D8A-A5D3-F9B3754176CE}.Release|Any CPU.ActiveCfg = Release|Any CPU
		{7E6FFEA4-4B0B-4D8A-A5D3-F9B3754176CE}.Release|Any CPU.Build.0 = Release|Any CPU
	EndGlobalSection
	GlobalSection(SolutionProperties) = preSolution
		HideSolutionNode = FALSE
	EndGlobalSection
	GlobalSection(NestedProjects) = preSolution
		{A1D7547A-11C9-45A9-8379-378F646EA309} = {537A4F6D-3D81-4F84-83EF-8836FD80284E}
		{F5411A3D-8121-4CD0-A1FF-D6548735291E} = {893E82F4-2101-4238-A29A-16D8E08FA2FA}
		{7E6FFEA4-4B0B-4D8A-A5D3-F9B3754176CE} = {585A4084-0A05-447C-A75F-DE1EC19F3E97}
	EndGlobalSection
EndGlobal
